PODS:
  - Alamofire (4.9.0)
  - Crashlytics (3.14.0):
    - Fabric (~> 1.10.2)
  - Fabric (1.10.2)
  - Firebase/Analytics (6.13.0):
    - Firebase/Core
  - Firebase/Core (6.13.0):
    - Firebase/CoreOnly
    - FirebaseAnalytics (= 6.1.6)
  - Firebase/CoreOnly (6.13.0):
    - FirebaseCore (= 6.4.0)
  - FirebaseAnalytics (6.1.6):
    - FirebaseCore (~> 6.4)
    - FirebaseInstanceID (~> 4.2)
    - GoogleAppMeasurement (= 6.1.6)
    - GoogleUtilities/AppDelegateSwizzler (~> 6.0)
    - GoogleUtilities/MethodSwizzler (~> 6.0)
    - GoogleUtilities/Network (~> 6.0)
    - "GoogleUtilities/NSData+zlib (~> 6.0)"
    - nanopb (= 0.3.9011)
  - FirebaseCore (6.4.0):
    - FirebaseCoreDiagnostics (~> 1.0)
    - FirebaseCoreDiagnosticsInterop (~> 1.0)
    - GoogleUtilities/Environment (~> 6.2)
    - GoogleUtilities/Logger (~> 6.2)
  - FirebaseCoreDiagnostics (1.1.1):
    - FirebaseCoreDiagnosticsInterop (~> 1.0)
    - GoogleDataTransportCCTSupport (~> 1.0)
    - GoogleUtilities/Environment (~> 6.2)
    - GoogleUtilities/Logger (~> 6.2)
    - nanopb (~> 0.3.901)
  - FirebaseCoreDiagnosticsInterop (1.1.0)
  - FirebaseInstanceID (4.2.7):
    - FirebaseCore (~> 6.0)
    - GoogleUtilities/Environment (~> 6.0)
    - GoogleUtilities/UserDefaults (~> 6.0)
  - GoogleAppMeasurement (6.1.6):
    - GoogleUtilities/AppDelegateSwizzler (~> 6.0)
    - GoogleUtilities/MethodSwizzler (~> 6.0)
    - GoogleUtilities/Network (~> 6.0)
    - "GoogleUtilities/NSData+zlib (~> 6.0)"
    - nanopb (= 0.3.9011)
  - GoogleDataTransport (3.1.0)
  - GoogleDataTransportCCTSupport (1.2.1):
    - GoogleDataTransport (~> 3.0)
    - nanopb (~> 0.3.901)
  - GoogleUtilities/AppDelegateSwizzler (6.3.2):
    - GoogleUtilities/Environment
    - GoogleUtilities/Logger
    - GoogleUtilities/Network
  - GoogleUtilities/Environment (6.3.2)
  - GoogleUtilities/Logger (6.3.2):
    - GoogleUtilities/Environment
  - GoogleUtilities/MethodSwizzler (6.3.2):
    - GoogleUtilities/Logger
  - GoogleUtilities/Network (6.3.2):
    - GoogleUtilities/Logger
    - "GoogleUtilities/NSData+zlib"
    - GoogleUtilities/Reachability
  - "GoogleUtilities/NSData+zlib (6.3.2)"
  - GoogleUtilities/Reachability (6.3.2):
    - GoogleUtilities/Logger
  - GoogleUtilities/UserDefaults (6.3.2):
    - GoogleUtilities/Logger
  - Moya (13.0.1):
    - Moya/Core (= 13.0.1)
  - Moya/Core (13.0.1):
    - Alamofire (~> 4.1)
    - Result (~> 4.1)
  - nanopb (0.3.9011):
    - nanopb/decode (= 0.3.9011)
    - nanopb/encode (= 0.3.9011)
  - nanopb/decode (0.3.9011)
  - nanopb/encode (0.3.9011)
  - OpenSSL-Apple (1.1.0l.4)
  - Result (4.1.0)
  - SwiftyBeaver (1.8.2)
  - TunnelKit (2.0.5):
    - TunnelKit/Protocols/OpenVPN (= 2.0.5)
  - TunnelKit/AppExtension (2.0.5):
    - SwiftyBeaver
    - TunnelKit/Core
  - TunnelKit/Core (2.0.5):
    - SwiftyBeaver
  - TunnelKit/Protocols/OpenVPN (2.0.5):
    - OpenSSL-Apple (~> 1.1.0j.4)
    - TunnelKit/AppExtension
    - TunnelKit/Core
  - XMLParsing (0.0.1)

DEPENDENCIES:
  - Alamofire
  - Crashlytics
  - Fabric
  - Firebase/Analytics
  - Moya (~> 13.0)
  - SwiftyBeaver
  - TunnelKit (from `./`)
  - XMLParsing (from `https://github.com/bitcrank/XMLParsing`)

SPEC REPOS:
  trunk:
    - Alamofire
    - Crashlytics
    - Fabric
    - Firebase
    - FirebaseAnalytics
    - FirebaseCore
    - FirebaseCoreDiagnostics
    - FirebaseCoreDiagnosticsInterop
    - FirebaseInstanceID
    - GoogleAppMeasurement
    - GoogleDataTransport
    - GoogleDataTransportCCTSupport
    - GoogleUtilities
    - Moya
    - nanopb
    - OpenSSL-Apple
    - Result
    - SwiftyBeaver

EXTERNAL SOURCES:
  TunnelKit:
    :path: "./"
  XMLParsing:
    :git: https://github.com/bitcrank/XMLParsing

CHECKOUT OPTIONS:
  XMLParsing:
    :commit: c6ba1ddc1e26be154ac5564b222402485db59f93
    :git: https://github.com/bitcrank/XMLParsing

SPEC CHECKSUMS:
  Alamofire: afc3e7c6db61476cb45cdd23fed06bad03bbc321
  Crashlytics: 540b7e5f5da5a042647227a5e3ac51d85eed06df
  Fabric: 706c8b8098fff96c33c0db69cbf81f9c551d0d74
  Firebase: 458d109512200d1aca2e1b9b6cf7d68a869a4a46
  FirebaseAnalytics: 45f36d9c429fc91d206283900ab75390cd05ee8a
  FirebaseCore: 307ea2508df730c5865334e41965bd9ea344b0e5
  FirebaseCoreDiagnostics: af29e43048607588c050889d19204f4d7b758c9f
  FirebaseCoreDiagnosticsInterop: e9b1b023157e3a2fc6418b5cb601e79b9af7b3a0
  FirebaseInstanceID: ebd2ea79ee38db0cb5f5167b17a0d387e1cc7b6e
  GoogleAppMeasurement: dfe55efa543e899d906309eaaac6ca26d249862f
  GoogleDataTransport: 67cc56f6280d1bc9d470285e851ec49ee9013dba
  GoogleDataTransportCCTSupport: f6ab1962e9dc05ab1fb938b795e5b310209edeec
  GoogleUtilities: 547a86735c6f0ee30ad17e94df4fc21f616b71cb
  Moya: f4a4b80ff2f8a4ffc208dfb31cd91636622fee6e
  nanopb: 18003b5e52dab79db540fe93fe9579f399bd1ccd
  OpenSSL-Apple: f3d1668588ea8f06b076dcfa6177cd90452e3800
  Result: bd966fac789cc6c1563440b348ab2598cc24d5c7
  SwiftyBeaver: aaf2ebd7dac2e952991f46a82ed24ad642867ae2
  TunnelKit: 4805c05a5b376a18d513d910cfb4b027f23f35a1
  XMLParsing: f5ea51b40ec2f50bd57e0d6a8222120b7443546b

PODFILE CHECKSUM: e7d9cf164e085dfee6f7f81ad36eb1e62bbbd06d

COCOAPODS: 1.8.3
