// !$*UTF8*$!
{
	archiveVersion = 1;
	classes = {
	};
	objectVersion = 51;
	objects = {

/* Begin PBXBuildFile section */
		10A16BAFEB6E574F7EF16304 /* Pods_VPNClientNetworkExtension.framework in Frameworks */ = {isa = PBXBuildFile; fileRef = 0CD297D895FE5A9A1E2595F2 /* Pods_VPNClientNetworkExtension.framework */; };
		171067602381851B00A72FDE /* GoogleService-Info.plist in Resources */ = {isa = PBXBuildFile; fileRef = 1710675F2381851B00A72FDE /* GoogleService-Info.plist */; };
		171067612381851B00A72FDE /* GoogleService-Info.plist in Resources */ = {isa = PBXBuildFile; fileRef = 1710675F2381851B00A72FDE /* GoogleService-Info.plist */; };
		1782EFDE235CBF8D0082F9CD /* AppDelegate.swift in Sources */ = {isa = PBXBuildFile; fileRef = 1782EFDD235CBF8D0082F9CD /* AppDelegate.swift */; };
		1782EFE5235CBF8D0082F9CD /* Main.storyboard in Resources */ = {isa = PBXBuildFile; fileRef = 1782EFE3235CBF8D0082F9CD /* Main.storyboard */; };
		1782EFE8235CBF8D0082F9CD /* VPNClient.xcdatamodeld in Sources */ = {isa = PBXBuildFile; fileRef = 1782EFE6235CBF8D0082F9CD /* VPNClient.xcdatamodeld */; };
		1782EFEA235CBF8F0082F9CD /* Assets.xcassets in Resources */ = {isa = PBXBuildFile; fileRef = 1782EFE9235CBF8F0082F9CD /* Assets.xcassets */; };
		1782EFED235CBF8F0082F9CD /* LaunchScreen.storyboard in Resources */ = {isa = PBXBuildFile; fileRef = 1782EFEB235CBF8F0082F9CD /* LaunchScreen.storyboard */; };
		1782EFF9235CC06C0082F9CD /* CoreDataStack.swift in Sources */ = {isa = PBXBuildFile; fileRef = 1782EFF8235CC06C0082F9CD /* CoreDataStack.swift */; };
		1782F010235CC3BC0082F9CD /* OpenVPNService.swift in Sources */ = {isa = PBXBuildFile; fileRef = 1782F00F235CC3BC0082F9CD /* OpenVPNService.swift */; };
		1782F013235CC3DD0082F9CD /* OpenVPNConstants.swift in Sources */ = {isa = PBXBuildFile; fileRef = 1782F012235CC3DD0082F9CD /* OpenVPNConstants.swift */; };
		1782F017235CC70C0082F9CD /* ServerDto.swift in Sources */ = {isa = PBXBuildFile; fileRef = 1782F016235CC70C0082F9CD /* ServerDto.swift */; };
		1782F01B235CE8110082F9CD /* MainViewController.swift in Sources */ = {isa = PBXBuildFile; fileRef = 1782F01A235CE8110082F9CD /* MainViewController.swift */; };
		1782F01D235CE83A0082F9CD /* ServerPickerViewController.swift in Sources */ = {isa = PBXBuildFile; fileRef = 1782F01C235CE83A0082F9CD /* ServerPickerViewController.swift */; };
		1782F01F235CF6380082F9CD /* SettingsViewController.swift in Sources */ = {isa = PBXBuildFile; fileRef = 1782F01E235CF6380082F9CD /* SettingsViewController.swift */; };
		1782F021235CFD5A0082F9CD /* MainViewModel.swift in Sources */ = {isa = PBXBuildFile; fileRef = 1782F020235CFD5A0082F9CD /* MainViewModel.swift */; };
		1782F024235D02AE0082F9CD /* ServerItemTableViewCell.swift in Sources */ = {isa = PBXBuildFile; fileRef = 1782F023235D02AE0082F9CD /* ServerItemTableViewCell.swift */; };
		1782F027235D07BA0082F9CD /* UserDefaults+Settings.swift in Sources */ = {isa = PBXBuildFile; fileRef = 1782F026235D07BA0082F9CD /* UserDefaults+Settings.swift */; };
		1782F02B235D0DD90082F9CD /* ServerEntity+CRUD.swift in Sources */ = {isa = PBXBuildFile; fileRef = 1782F02A235D0DD90082F9CD /* ServerEntity+CRUD.swift */; };
		1782F02D235D1F310082F9CD /* RestAPI.swift in Sources */ = {isa = PBXBuildFile; fileRef = 1782F02C235D1F310082F9CD /* RestAPI.swift */; };
		1782F035235D2BB70082F9CD /* PacketTunnelProvider.swift in Sources */ = {isa = PBXBuildFile; fileRef = 1782F034235D2BB70082F9CD /* PacketTunnelProvider.swift */; };
		1782F03A235D2BB70082F9CD /* VPNClientNetworkExtension.appex in Embed App Extensions */ = {isa = PBXBuildFile; fileRef = 1782F032235D2BB70082F9CD /* VPNClientNetworkExtension.appex */; settings = {ATTRIBUTES = (RemoveHeadersOnCopy, ); }; };
		1782F040235D2BEF0082F9CD /* NetworkExtension.framework in Frameworks */ = {isa = PBXBuildFile; fileRef = 1782F03F235D2BEF0082F9CD /* NetworkExtension.framework */; };
		1782F042235D2CBE0082F9CD /* NetworkExtension.framework in Frameworks */ = {isa = PBXBuildFile; fileRef = 1782F03F235D2BEF0082F9CD /* NetworkExtension.framework */; };
		17D61E202364BA6900ECAEBE /* ServerListViewController.swift in Sources */ = {isa = PBXBuildFile; fileRef = 17D61E1F2364BA6900ECAEBE /* ServerListViewController.swift */; };
		17D61E222364BD4100ECAEBE /* ServerItemTableViewCell.xib in Resources */ = {isa = PBXBuildFile; fileRef = 17D61E212364BD4100ECAEBE /* ServerItemTableViewCell.xib */; };
		17D61E242364C60100ECAEBE /* ServersVersionDTO.swift in Sources */ = {isa = PBXBuildFile; fileRef = 17D61E232364C60100ECAEBE /* ServersVersionDTO.swift */; };
		4A5DF31520B9F03E4A7629CB /* Pods_VPNClient.framework in Frameworks */ = {isa = PBXBuildFile; fileRef = 8411DE80B22FB7A88AF01EBF /* Pods_VPNClient.framework */; };
		783B35E4244CE35A00425A9F /* Auth.storyboard in Resources */ = {isa = PBXBuildFile; fileRef = 783B35E3244CE35A00425A9F /* Auth.storyboard */; };
		783B35E6244CEAA300425A9F /* SignInViewController.swift in Sources */ = {isa = PBXBuildFile; fileRef = 783B35E5244CEAA300425A9F /* SignInViewController.swift */; };
		783B35E8244CEAAE00425A9F /* SignUpViewController.swift in Sources */ = {isa = PBXBuildFile; fileRef = 783B35E7244CEAAE00425A9F /* SignUpViewController.swift */; };
		783B35EA244CEC4000425A9F /* SignUpViewModel.swift in Sources */ = {isa = PBXBuildFile; fileRef = 783B35E9244CEC4000425A9F /* SignUpViewModel.swift */; };
		783B35ED244CEF6A00425A9F /* SignUpRequestDTO.swift in Sources */ = {isa = PBXBuildFile; fileRef = 783B35EC244CEF6A00425A9F /* SignUpRequestDTO.swift */; };
		783B35EF244CF11C00425A9F /* SignInCredentialsDTO.swift in Sources */ = {isa = PBXBuildFile; fileRef = 783B35EE244CF11C00425A9F /* SignInCredentialsDTO.swift */; };
		783B35F1244CF1D600425A9F /* SignInResponseDTO.swift in Sources */ = {isa = PBXBuildFile; fileRef = 783B35F0244CF1D600425A9F /* SignInResponseDTO.swift */; };
		783B35F4244D00FA00425A9F /* UserService.swift in Sources */ = {isa = PBXBuildFile; fileRef = 783B35F3244D00FA00425A9F /* UserService.swift */; };
		783B35F6244D018500425A9F /* UserData.swift in Sources */ = {isa = PBXBuildFile; fileRef = 783B35F5244D018500425A9F /* UserData.swift */; };
/* End PBXBuildFile section */

/* Begin PBXContainerItemProxy section */
		1782F038235D2BB70082F9CD /* PBXContainerItemProxy */ = {
			isa = PBXContainerItemProxy;
			containerPortal = 1782EFD2235CBF8D0082F9CD /* Project object */;
			proxyType = 1;
			remoteGlobalIDString = 1782F031235D2BB70082F9CD;
			remoteInfo = VPNClientNetworkExtension;
		};
/* End PBXContainerItemProxy section */

/* Begin PBXCopyFilesBuildPhase section */
		1782F03E235D2BB70082F9CD /* Embed App Extensions */ = {
			isa = PBXCopyFilesBuildPhase;
			buildActionMask = 2147483647;
			dstPath = "";
			dstSubfolderSpec = 13;
			files = (
				1782F03A235D2BB70082F9CD /* VPNClientNetworkExtension.appex in Embed App Extensions */,
			);
			name = "Embed App Extensions";
			runOnlyForDeploymentPostprocessing = 0;
		};
/* End PBXCopyFilesBuildPhase section */

/* Begin PBXFileReference section */
		01793B1015A841CA6038392C /* Pods-VPNClient.release.xcconfig */ = {isa = PBXFileReference; includeInIndex = 1; lastKnownFileType = text.xcconfig; name = "Pods-VPNClient.release.xcconfig"; path = "Target Support Files/Pods-VPNClient/Pods-VPNClient.release.xcconfig"; sourceTree = "<group>"; };
		0CD297D895FE5A9A1E2595F2 /* Pods_VPNClientNetworkExtension.framework */ = {isa = PBXFileReference; explicitFileType = wrapper.framework; includeInIndex = 0; path = Pods_VPNClientNetworkExtension.framework; sourceTree = BUILT_PRODUCTS_DIR; };
		1710675F2381851B00A72FDE /* GoogleService-Info.plist */ = {isa = PBXFileReference; fileEncoding = 4; lastKnownFileType = text.plist.xml; path = "GoogleService-Info.plist"; sourceTree = "<group>"; };
		175105A8236A126D0097D78C /* VPNClient 2.xcdatamodel */ = {isa = PBXFileReference; lastKnownFileType = wrapper.xcdatamodel; path = "VPNClient 2.xcdatamodel"; sourceTree = "<group>"; };
		1782EFDA235CBF8D0082F9CD /* VPNUK.app */ = {isa = PBXFileReference; explicitFileType = wrapper.application; includeInIndex = 0; path = VPNUK.app; sourceTree = BUILT_PRODUCTS_DIR; };
		1782EFDD235CBF8D0082F9CD /* AppDelegate.swift */ = {isa = PBXFileReference; lastKnownFileType = sourcecode.swift; path = AppDelegate.swift; sourceTree = "<group>"; };
		1782EFE4235CBF8D0082F9CD /* Base */ = {isa = PBXFileReference; lastKnownFileType = file.storyboard; name = Base; path = Base.lproj/Main.storyboard; sourceTree = "<group>"; };
		1782EFE7235CBF8D0082F9CD /* VPNClient.xcdatamodel */ = {isa = PBXFileReference; lastKnownFileType = wrapper.xcdatamodel; path = VPNClient.xcdatamodel; sourceTree = "<group>"; };
		1782EFE9235CBF8F0082F9CD /* Assets.xcassets */ = {isa = PBXFileReference; lastKnownFileType = folder.assetcatalog; path = Assets.xcassets; sourceTree = "<group>"; };
		1782EFEC235CBF8F0082F9CD /* Base */ = {isa = PBXFileReference; lastKnownFileType = file.storyboard; name = Base; path = Base.lproj/LaunchScreen.storyboard; sourceTree = "<group>"; };
		1782EFEE235CBF8F0082F9CD /* Info.plist */ = {isa = PBXFileReference; lastKnownFileType = text.plist.xml; path = Info.plist; sourceTree = "<group>"; };
		1782EFF8235CC06C0082F9CD /* CoreDataStack.swift */ = {isa = PBXFileReference; lastKnownFileType = sourcecode.swift; path = CoreDataStack.swift; sourceTree = "<group>"; };
		1782F00F235CC3BC0082F9CD /* OpenVPNService.swift */ = {isa = PBXFileReference; lastKnownFileType = sourcecode.swift; path = OpenVPNService.swift; sourceTree = "<group>"; };
		1782F012235CC3DD0082F9CD /* OpenVPNConstants.swift */ = {isa = PBXFileReference; lastKnownFileType = sourcecode.swift; path = OpenVPNConstants.swift; sourceTree = "<group>"; };
		1782F016235CC70C0082F9CD /* ServerDto.swift */ = {isa = PBXFileReference; lastKnownFileType = sourcecode.swift; path = ServerDto.swift; sourceTree = "<group>"; };
		1782F01A235CE8110082F9CD /* MainViewController.swift */ = {isa = PBXFileReference; lastKnownFileType = sourcecode.swift; path = MainViewController.swift; sourceTree = "<group>"; };
		1782F01C235CE83A0082F9CD /* ServerPickerViewController.swift */ = {isa = PBXFileReference; lastKnownFileType = sourcecode.swift; path = ServerPickerViewController.swift; sourceTree = "<group>"; };
		1782F01E235CF6380082F9CD /* SettingsViewController.swift */ = {isa = PBXFileReference; lastKnownFileType = sourcecode.swift; path = SettingsViewController.swift; sourceTree = "<group>"; };
		1782F020235CFD5A0082F9CD /* MainViewModel.swift */ = {isa = PBXFileReference; lastKnownFileType = sourcecode.swift; path = MainViewModel.swift; sourceTree = "<group>"; };
		1782F023235D02AE0082F9CD /* ServerItemTableViewCell.swift */ = {isa = PBXFileReference; lastKnownFileType = sourcecode.swift; path = ServerItemTableViewCell.swift; sourceTree = "<group>"; };
		1782F026235D07BA0082F9CD /* UserDefaults+Settings.swift */ = {isa = PBXFileReference; lastKnownFileType = sourcecode.swift; path = "UserDefaults+Settings.swift"; sourceTree = "<group>"; };
		1782F02A235D0DD90082F9CD /* ServerEntity+CRUD.swift */ = {isa = PBXFileReference; lastKnownFileType = sourcecode.swift; path = "ServerEntity+CRUD.swift"; sourceTree = "<group>"; };
		1782F02C235D1F310082F9CD /* RestAPI.swift */ = {isa = PBXFileReference; lastKnownFileType = sourcecode.swift; path = RestAPI.swift; sourceTree = "<group>"; };
		1782F032235D2BB70082F9CD /* VPNClientNetworkExtension.appex */ = {isa = PBXFileReference; explicitFileType = "wrapper.app-extension"; includeInIndex = 0; path = VPNClientNetworkExtension.appex; sourceTree = BUILT_PRODUCTS_DIR; };
		1782F034235D2BB70082F9CD /* PacketTunnelProvider.swift */ = {isa = PBXFileReference; lastKnownFileType = sourcecode.swift; path = PacketTunnelProvider.swift; sourceTree = "<group>"; };
		1782F036235D2BB70082F9CD /* Info.plist */ = {isa = PBXFileReference; lastKnownFileType = text.plist.xml; path = Info.plist; sourceTree = "<group>"; };
		1782F037235D2BB70082F9CD /* VPNClientNetworkExtension.entitlements */ = {isa = PBXFileReference; lastKnownFileType = text.plist.entitlements; path = VPNClientNetworkExtension.entitlements; sourceTree = "<group>"; };
		1782F03F235D2BEF0082F9CD /* NetworkExtension.framework */ = {isa = PBXFileReference; lastKnownFileType = wrapper.framework; name = NetworkExtension.framework; path = System/Library/Frameworks/NetworkExtension.framework; sourceTree = SDKROOT; };
		1782F041235D2CAE0082F9CD /* VPNClient.entitlements */ = {isa = PBXFileReference; lastKnownFileType = text.plist.entitlements; path = VPNClient.entitlements; sourceTree = "<group>"; };
		17D61E1F2364BA6900ECAEBE /* ServerListViewController.swift */ = {isa = PBXFileReference; lastKnownFileType = sourcecode.swift; path = ServerListViewController.swift; sourceTree = "<group>"; };
		17D61E212364BD4100ECAEBE /* ServerItemTableViewCell.xib */ = {isa = PBXFileReference; lastKnownFileType = file.xib; path = ServerItemTableViewCell.xib; sourceTree = "<group>"; };
		17D61E232364C60100ECAEBE /* ServersVersionDTO.swift */ = {isa = PBXFileReference; lastKnownFileType = sourcecode.swift; path = ServersVersionDTO.swift; sourceTree = "<group>"; };
		6930C09787686C98BABADA50 /* Pods-VPNClient.debug.xcconfig */ = {isa = PBXFileReference; includeInIndex = 1; lastKnownFileType = text.xcconfig; name = "Pods-VPNClient.debug.xcconfig"; path = "Target Support Files/Pods-VPNClient/Pods-VPNClient.debug.xcconfig"; sourceTree = "<group>"; };
		783B35E3244CE35A00425A9F /* Auth.storyboard */ = {isa = PBXFileReference; lastKnownFileType = file.storyboard; path = Auth.storyboard; sourceTree = "<group>"; };
		783B35E5244CEAA300425A9F /* SignInViewController.swift */ = {isa = PBXFileReference; lastKnownFileType = sourcecode.swift; path = SignInViewController.swift; sourceTree = "<group>"; };
		783B35E7244CEAAE00425A9F /* SignUpViewController.swift */ = {isa = PBXFileReference; lastKnownFileType = sourcecode.swift; path = SignUpViewController.swift; sourceTree = "<group>"; };
		783B35E9244CEC4000425A9F /* SignUpViewModel.swift */ = {isa = PBXFileReference; lastKnownFileType = sourcecode.swift; path = SignUpViewModel.swift; sourceTree = "<group>"; };
		783B35EC244CEF6A00425A9F /* SignUpRequestDTO.swift */ = {isa = PBXFileReference; lastKnownFileType = sourcecode.swift; path = SignUpRequestDTO.swift; sourceTree = "<group>"; };
		783B35EE244CF11C00425A9F /* SignInCredentialsDTO.swift */ = {isa = PBXFileReference; lastKnownFileType = sourcecode.swift; path = SignInCredentialsDTO.swift; sourceTree = "<group>"; };
		783B35F0244CF1D600425A9F /* SignInResponseDTO.swift */ = {isa = PBXFileReference; lastKnownFileType = sourcecode.swift; path = SignInResponseDTO.swift; sourceTree = "<group>"; };
		783B35F3244D00FA00425A9F /* UserService.swift */ = {isa = PBXFileReference; lastKnownFileType = sourcecode.swift; path = UserService.swift; sourceTree = "<group>"; };
		783B35F5244D018500425A9F /* UserData.swift */ = {isa = PBXFileReference; lastKnownFileType = sourcecode.swift; path = UserData.swift; sourceTree = "<group>"; };
		8411DE80B22FB7A88AF01EBF /* Pods_VPNClient.framework */ = {isa = PBXFileReference; explicitFileType = wrapper.framework; includeInIndex = 0; path = Pods_VPNClient.framework; sourceTree = BUILT_PRODUCTS_DIR; };
		87E5941B03938A911B623791 /* Pods-VPNClientNetworkExtension.release.xcconfig */ = {isa = PBXFileReference; includeInIndex = 1; lastKnownFileType = text.xcconfig; name = "Pods-VPNClientNetworkExtension.release.xcconfig"; path = "Target Support Files/Pods-VPNClientNetworkExtension/Pods-VPNClientNetworkExtension.release.xcconfig"; sourceTree = "<group>"; };
		D9D650901D3CDC7F32EC06FA /* Pods-VPNClientNetworkExtension.debug.xcconfig */ = {isa = PBXFileReference; includeInIndex = 1; lastKnownFileType = text.xcconfig; name = "Pods-VPNClientNetworkExtension.debug.xcconfig"; path = "Target Support Files/Pods-VPNClientNetworkExtension/Pods-VPNClientNetworkExtension.debug.xcconfig"; sourceTree = "<group>"; };
/* End PBXFileReference section */

/* Begin PBXFrameworksBuildPhase section */
		1782EFD7235CBF8D0082F9CD /* Frameworks */ = {
			isa = PBXFrameworksBuildPhase;
			buildActionMask = 2147483647;
			files = (
				4A5DF31520B9F03E4A7629CB /* Pods_VPNClient.framework in Frameworks */,
				1782F042235D2CBE0082F9CD /* NetworkExtension.framework in Frameworks */,
			);
			runOnlyForDeploymentPostprocessing = 0;
		};
		1782F02F235D2BB70082F9CD /* Frameworks */ = {
			isa = PBXFrameworksBuildPhase;
			buildActionMask = 2147483647;
			files = (
				1782F040235D2BEF0082F9CD /* NetworkExtension.framework in Frameworks */,
				10A16BAFEB6E574F7EF16304 /* Pods_VPNClientNetworkExtension.framework in Frameworks */,
			);
			runOnlyForDeploymentPostprocessing = 0;
		};
/* End PBXFrameworksBuildPhase section */

/* Begin PBXGroup section */
		1782EFD1235CBF8D0082F9CD = {
			isa = PBXGroup;
			children = (
				1782EFDC235CBF8D0082F9CD /* VPNClient */,
				1782F033235D2BB70082F9CD /* VPNClientNetworkExtension */,
				1782EFDB235CBF8D0082F9CD /* Products */,
				5EAF721E9B977F4AA4EB7FF4 /* Pods */,
				D2B7C2AB42458BA0B697642F /* Frameworks */,
			);
			sourceTree = "<group>";
		};
		1782EFDB235CBF8D0082F9CD /* Products */ = {
			isa = PBXGroup;
			children = (
				1782EFDA235CBF8D0082F9CD /* VPNUK.app */,
				1782F032235D2BB70082F9CD /* VPNClientNetworkExtension.appex */,
			);
			name = Products;
			sourceTree = "<group>";
		};
		1782EFDC235CBF8D0082F9CD /* VPNClient */ = {
			isa = PBXGroup;
			children = (
				1710675F2381851B00A72FDE /* GoogleService-Info.plist */,
				1782F041235D2CAE0082F9CD /* VPNClient.entitlements */,
				1782F025235D07A10082F9CD /* Extensions */,
				1782F019235CE3B70082F9CD /* ViewControllers */,
				1782F018235CE3AE0082F9CD /* ViewModels */,
				1782F014235CC6C80082F9CD /* Entities */,
				1782F011235CC3D10082F9CD /* Constants */,
				1782EFF4235CC0270082F9CD /* Services */,
				783B35E1244CE31900425A9F /* Resources */,
				1782EFDD235CBF8D0082F9CD /* AppDelegate.swift */,
				1782EFEE235CBF8F0082F9CD /* Info.plist */,
			);
			path = VPNClient;
			sourceTree = "<group>";
		};
		1782EFF4235CC0270082F9CD /* Services */ = {
			isa = PBXGroup;
			children = (
				783B35F2244D00EB00425A9F /* User */,
				1782F00E235CC3A10082F9CD /* VPN */,
				1782EFF5235CC0300082F9CD /* Data */,
			);
			path = Services;
			sourceTree = "<group>";
		};
		1782EFF5235CC0300082F9CD /* Data */ = {
			isa = PBXGroup;
			children = (
				1782EFF7235CC0420082F9CD /* DB */,
				1782EFF6235CC0360082F9CD /* Rest */,
			);
			path = Data;
			sourceTree = "<group>";
		};
		1782EFF6235CC0360082F9CD /* Rest */ = {
			isa = PBXGroup;
			children = (
				783B35EB244CEF5800425A9F /* DTO */,
				1782F02C235D1F310082F9CD /* RestAPI.swift */,
			);
			path = Rest;
			sourceTree = "<group>";
		};
		1782EFF7235CC0420082F9CD /* DB */ = {
			isa = PBXGroup;
			children = (
				1782EFF8235CC06C0082F9CD /* CoreDataStack.swift */,
			);
			path = DB;
			sourceTree = "<group>";
		};
		1782F00E235CC3A10082F9CD /* VPN */ = {
			isa = PBXGroup;
			children = (
				1782F00F235CC3BC0082F9CD /* OpenVPNService.swift */,
			);
			path = VPN;
			sourceTree = "<group>";
		};
		1782F011235CC3D10082F9CD /* Constants */ = {
			isa = PBXGroup;
			children = (
				1782F012235CC3DD0082F9CD /* OpenVPNConstants.swift */,
			);
			path = Constants;
			sourceTree = "<group>";
		};
		1782F014235CC6C80082F9CD /* Entities */ = {
			isa = PBXGroup;
			children = (
				1782F015235CC6D50082F9CD /* DTOs */,
			);
			path = Entities;
			sourceTree = "<group>";
		};
		1782F015235CC6D50082F9CD /* DTOs */ = {
			isa = PBXGroup;
			children = (
				1782F016235CC70C0082F9CD /* ServerDto.swift */,
				17D61E232364C60100ECAEBE /* ServersVersionDTO.swift */,
			);
			path = DTOs;
			sourceTree = "<group>";
		};
		1782F018235CE3AE0082F9CD /* ViewModels */ = {
			isa = PBXGroup;
			children = (
				783B35DF244CE2DB00425A9F /* Auth */,
				1782F020235CFD5A0082F9CD /* MainViewModel.swift */,
			);
			path = ViewModels;
			sourceTree = "<group>";
		};
		1782F019235CE3B70082F9CD /* ViewControllers */ = {
			isa = PBXGroup;
			children = (
				783B35E0244CE2ED00425A9F /* Auth */,
				1782F022235D02300082F9CD /* Cell */,
				1782F01A235CE8110082F9CD /* MainViewController.swift */,
				1782F01C235CE83A0082F9CD /* ServerPickerViewController.swift */,
				1782F01E235CF6380082F9CD /* SettingsViewController.swift */,
				17D61E1F2364BA6900ECAEBE /* ServerListViewController.swift */,
			);
			path = ViewControllers;
			sourceTree = "<group>";
		};
		1782F022235D02300082F9CD /* Cell */ = {
			isa = PBXGroup;
			children = (
				1782F023235D02AE0082F9CD /* ServerItemTableViewCell.swift */,
				17D61E212364BD4100ECAEBE /* ServerItemTableViewCell.xib */,
			);
			path = Cell;
			sourceTree = "<group>";
		};
		1782F025235D07A10082F9CD /* Extensions */ = {
			isa = PBXGroup;
			children = (
				1782F026235D07BA0082F9CD /* UserDefaults+Settings.swift */,
				1782F02A235D0DD90082F9CD /* ServerEntity+CRUD.swift */,
			);
			path = Extensions;
			sourceTree = "<group>";
		};
		1782F033235D2BB70082F9CD /* VPNClientNetworkExtension */ = {
			isa = PBXGroup;
			children = (
				1782F034235D2BB70082F9CD /* PacketTunnelProvider.swift */,
				1782F036235D2BB70082F9CD /* Info.plist */,
				1782F037235D2BB70082F9CD /* VPNClientNetworkExtension.entitlements */,
			);
			path = VPNClientNetworkExtension;
			sourceTree = "<group>";
		};
		5EAF721E9B977F4AA4EB7FF4 /* Pods */ = {
			isa = PBXGroup;
			children = (
				6930C09787686C98BABADA50 /* Pods-VPNClient.debug.xcconfig */,
				01793B1015A841CA6038392C /* Pods-VPNClient.release.xcconfig */,
				D9D650901D3CDC7F32EC06FA /* Pods-VPNClientNetworkExtension.debug.xcconfig */,
				87E5941B03938A911B623791 /* Pods-VPNClientNetworkExtension.release.xcconfig */,
			);
			path = Pods;
			sourceTree = "<group>";
		};
		783B35DF244CE2DB00425A9F /* Auth */ = {
			isa = PBXGroup;
			children = (
				783B35E9244CEC4000425A9F /* SignUpViewModel.swift */,
			);
			path = Auth;
			sourceTree = "<group>";
		};
		783B35E0244CE2ED00425A9F /* Auth */ = {
			isa = PBXGroup;
			children = (
				783B35E5244CEAA300425A9F /* SignInViewController.swift */,
				783B35E7244CEAAE00425A9F /* SignUpViewController.swift */,
			);
			path = Auth;
			sourceTree = "<group>";
		};
		783B35E1244CE31900425A9F /* Resources */ = {
			isa = PBXGroup;
			children = (
				1782EFE6235CBF8D0082F9CD /* VPNClient.xcdatamodeld */,
				1782EFE9235CBF8F0082F9CD /* Assets.xcassets */,
				783B35E2244CE32000425A9F /* Storyboards */,
			);
			path = Resources;
			sourceTree = "<group>";
		};
		783B35E2244CE32000425A9F /* Storyboards */ = {
			isa = PBXGroup;
			children = (
				1782EFE3235CBF8D0082F9CD /* Main.storyboard */,
				1782EFEB235CBF8F0082F9CD /* LaunchScreen.storyboard */,
				783B35E3244CE35A00425A9F /* Auth.storyboard */,
			);
			path = Storyboards;
			sourceTree = "<group>";
		};
		783B35EB244CEF5800425A9F /* DTO */ = {
			isa = PBXGroup;
			children = (
				783B35EC244CEF6A00425A9F /* SignUpRequestDTO.swift */,
				783B35EE244CF11C00425A9F /* SignInCredentialsDTO.swift */,
				783B35F0244CF1D600425A9F /* SignInResponseDTO.swift */,
			);
			path = DTO;
			sourceTree = "<group>";
		};
		783B35F2244D00EB00425A9F /* User */ = {
			isa = PBXGroup;
			children = (
				783B35F3244D00FA00425A9F /* UserService.swift */,
				783B35F5244D018500425A9F /* UserData.swift */,
			);
			path = User;
			sourceTree = "<group>";
		};
		D2B7C2AB42458BA0B697642F /* Frameworks */ = {
			isa = PBXGroup;
			children = (
				1782F03F235D2BEF0082F9CD /* NetworkExtension.framework */,
				8411DE80B22FB7A88AF01EBF /* Pods_VPNClient.framework */,
				0CD297D895FE5A9A1E2595F2 /* Pods_VPNClientNetworkExtension.framework */,
			);
			name = Frameworks;
			sourceTree = "<group>";
		};
/* End PBXGroup section */

/* Begin PBXNativeTarget section */
		1782EFD9235CBF8D0082F9CD /* VPNClient */ = {
			isa = PBXNativeTarget;
			buildConfigurationList = 1782EFF1235CBF8F0082F9CD /* Build configuration list for PBXNativeTarget "VPNClient" */;
			buildPhases = (
				CC2E9502A33CCF3221430D43 /* [CP] Check Pods Manifest.lock */,
				1782EFD6235CBF8D0082F9CD /* Sources */,
				1782EFD7235CBF8D0082F9CD /* Frameworks */,
				1782EFD8235CBF8D0082F9CD /* Resources */,
				5E93D0F6FC6951F832077413 /* [CP] Embed Pods Frameworks */,
				1782F03E235D2BB70082F9CD /* Embed App Extensions */,
				171067622381871100A72FDE /* ShellScript */,
			);
			buildRules = (
			);
			dependencies = (
				1782F039235D2BB70082F9CD /* PBXTargetDependency */,
			);
			name = VPNClient;
			productName = VPNClient;
			productReference = 1782EFDA235CBF8D0082F9CD /* VPNUK.app */;
			productType = "com.apple.product-type.application";
		};
		1782F031235D2BB70082F9CD /* VPNClientNetworkExtension */ = {
			isa = PBXNativeTarget;
			buildConfigurationList = 1782F03B235D2BB70082F9CD /* Build configuration list for PBXNativeTarget "VPNClientNetworkExtension" */;
			buildPhases = (
				EBDE23E7A10F5C1028E6F401 /* [CP] Check Pods Manifest.lock */,
				1782F02E235D2BB70082F9CD /* Sources */,
				1782F02F235D2BB70082F9CD /* Frameworks */,
				1782F030235D2BB70082F9CD /* Resources */,
			);
			buildRules = (
			);
			dependencies = (
			);
			name = VPNClientNetworkExtension;
			productName = VPNClientNetworkExtension;
			productReference = 1782F032235D2BB70082F9CD /* VPNClientNetworkExtension.appex */;
			productType = "com.apple.product-type.app-extension";
		};
/* End PBXNativeTarget section */

/* Begin PBXProject section */
		1782EFD2235CBF8D0082F9CD /* Project object */ = {
			isa = PBXProject;
			attributes = {
				LastSwiftUpdateCheck = 1100;
				LastUpgradeCheck = 1100;
				ORGANIZATIONNAME = VPNUK;
				TargetAttributes = {
					1782EFD9235CBF8D0082F9CD = {
						CreatedOnToolsVersion = 11.0;
					};
					1782F031235D2BB70082F9CD = {
						CreatedOnToolsVersion = 11.0;
					};
				};
			};
			buildConfigurationList = 1782EFD5235CBF8D0082F9CD /* Build configuration list for PBXProject "VPNClient" */;
			compatibilityVersion = "Xcode 9.3";
			developmentRegion = en;
			hasScannedForEncodings = 0;
			knownRegions = (
				en,
				Base,
			);
			mainGroup = 1782EFD1235CBF8D0082F9CD;
			productRefGroup = 1782EFDB235CBF8D0082F9CD /* Products */;
			projectDirPath = "";
			projectRoot = "";
			targets = (
				1782EFD9235CBF8D0082F9CD /* VPNClient */,
				1782F031235D2BB70082F9CD /* VPNClientNetworkExtension */,
			);
		};
/* End PBXProject section */

/* Begin PBXResourcesBuildPhase section */
		1782EFD8235CBF8D0082F9CD /* Resources */ = {
			isa = PBXResourcesBuildPhase;
			buildActionMask = 2147483647;
			files = (
				783B35E4244CE35A00425A9F /* Auth.storyboard in Resources */,
				1782EFED235CBF8F0082F9CD /* LaunchScreen.storyboard in Resources */,
				17D61E222364BD4100ECAEBE /* ServerItemTableViewCell.xib in Resources */,
				171067602381851B00A72FDE /* GoogleService-Info.plist in Resources */,
				1782EFEA235CBF8F0082F9CD /* Assets.xcassets in Resources */,
				1782EFE5235CBF8D0082F9CD /* Main.storyboard in Resources */,
			);
			runOnlyForDeploymentPostprocessing = 0;
		};
		1782F030235D2BB70082F9CD /* Resources */ = {
			isa = PBXResourcesBuildPhase;
			buildActionMask = 2147483647;
			files = (
				171067612381851B00A72FDE /* GoogleService-Info.plist in Resources */,
			);
			runOnlyForDeploymentPostprocessing = 0;
		};
/* End PBXResourcesBuildPhase section */

/* Begin PBXShellScriptBuildPhase section */
		171067622381871100A72FDE /* ShellScript */ = {
			isa = PBXShellScriptBuildPhase;
			buildActionMask = 2147483647;
			files = (
			);
			inputFileListPaths = (
			);
			inputPaths = (
			);
			outputFileListPaths = (
			);
			outputPaths = (
			);
			runOnlyForDeploymentPostprocessing = 0;
			shellPath = /bin/sh;
			shellScript = "\"${PODS_ROOT}/Fabric/run\"\n";
		};
		5E93D0F6FC6951F832077413 /* [CP] Embed Pods Frameworks */ = {
			isa = PBXShellScriptBuildPhase;
			buildActionMask = 2147483647;
			files = (
			);
			inputFileListPaths = (
				"${PODS_ROOT}/Target Support Files/Pods-VPNClient/Pods-VPNClient-frameworks-${CONFIGURATION}-input-files.xcfilelist",
			);
			name = "[CP] Embed Pods Frameworks";
			outputFileListPaths = (
				"${PODS_ROOT}/Target Support Files/Pods-VPNClient/Pods-VPNClient-frameworks-${CONFIGURATION}-output-files.xcfilelist",
			);
			runOnlyForDeploymentPostprocessing = 0;
			shellPath = /bin/sh;
			shellScript = "\"${PODS_ROOT}/Target Support Files/Pods-VPNClient/Pods-VPNClient-frameworks.sh\"\n";
			showEnvVarsInLog = 0;
		};
		CC2E9502A33CCF3221430D43 /* [CP] Check Pods Manifest.lock */ = {
			isa = PBXShellScriptBuildPhase;
			buildActionMask = 2147483647;
			files = (
			);
			inputFileListPaths = (
			);
			inputPaths = (
				"${PODS_PODFILE_DIR_PATH}/Podfile.lock",
				"${PODS_ROOT}/Manifest.lock",
			);
			name = "[CP] Check Pods Manifest.lock";
			outputFileListPaths = (
			);
			outputPaths = (
				"$(DERIVED_FILE_DIR)/Pods-VPNClient-checkManifestLockResult.txt",
			);
			runOnlyForDeploymentPostprocessing = 0;
			shellPath = /bin/sh;
			shellScript = "diff \"${PODS_PODFILE_DIR_PATH}/Podfile.lock\" \"${PODS_ROOT}/Manifest.lock\" > /dev/null\nif [ $? != 0 ] ; then\n    # print error to STDERR\n    echo \"error: The sandbox is not in sync with the Podfile.lock. Run 'pod install' or update your CocoaPods installation.\" >&2\n    exit 1\nfi\n# This output is used by Xcode 'outputs' to avoid re-running this script phase.\necho \"SUCCESS\" > \"${SCRIPT_OUTPUT_FILE_0}\"\n";
			showEnvVarsInLog = 0;
		};
		EBDE23E7A10F5C1028E6F401 /* [CP] Check Pods Manifest.lock */ = {
			isa = PBXShellScriptBuildPhase;
			buildActionMask = 2147483647;
			files = (
			);
			inputFileListPaths = (
			);
			inputPaths = (
				"${PODS_PODFILE_DIR_PATH}/Podfile.lock",
				"${PODS_ROOT}/Manifest.lock",
			);
			name = "[CP] Check Pods Manifest.lock";
			outputFileListPaths = (
			);
			outputPaths = (
				"$(DERIVED_FILE_DIR)/Pods-VPNClientNetworkExtension-checkManifestLockResult.txt",
			);
			runOnlyForDeploymentPostprocessing = 0;
			shellPath = /bin/sh;
			shellScript = "diff \"${PODS_PODFILE_DIR_PATH}/Podfile.lock\" \"${PODS_ROOT}/Manifest.lock\" > /dev/null\nif [ $? != 0 ] ; then\n    # print error to STDERR\n    echo \"error: The sandbox is not in sync with the Podfile.lock. Run 'pod install' or update your CocoaPods installation.\" >&2\n    exit 1\nfi\n# This output is used by Xcode 'outputs' to avoid re-running this script phase.\necho \"SUCCESS\" > \"${SCRIPT_OUTPUT_FILE_0}\"\n";
			showEnvVarsInLog = 0;
		};
/* End PBXShellScriptBuildPhase section */

/* Begin PBXSourcesBuildPhase section */
		1782EFD6235CBF8D0082F9CD /* Sources */ = {
			isa = PBXSourcesBuildPhase;
			buildActionMask = 2147483647;
			files = (
				1782EFE8235CBF8D0082F9CD /* VPNClient.xcdatamodeld in Sources */,
				1782F013235CC3DD0082F9CD /* OpenVPNConstants.swift in Sources */,
				1782F02D235D1F310082F9CD /* RestAPI.swift in Sources */,
				1782F024235D02AE0082F9CD /* ServerItemTableViewCell.swift in Sources */,
				1782F010235CC3BC0082F9CD /* OpenVPNService.swift in Sources */,
				783B35EA244CEC4000425A9F /* SignUpViewModel.swift in Sources */,
				1782EFDE235CBF8D0082F9CD /* AppDelegate.swift in Sources */,
				783B35F4244D00FA00425A9F /* UserService.swift in Sources */,
				783B35E8244CEAAE00425A9F /* SignUpViewController.swift in Sources */,
				783B35F1244CF1D600425A9F /* SignInResponseDTO.swift in Sources */,
				1782F027235D07BA0082F9CD /* UserDefaults+Settings.swift in Sources */,
				783B35E6244CEAA300425A9F /* SignInViewController.swift in Sources */,
				1782F017235CC70C0082F9CD /* ServerDto.swift in Sources */,
				1782F021235CFD5A0082F9CD /* MainViewModel.swift in Sources */,
				17D61E242364C60100ECAEBE /* ServersVersionDTO.swift in Sources */,
				1782EFF9235CC06C0082F9CD /* CoreDataStack.swift in Sources */,
				1782F01D235CE83A0082F9CD /* ServerPickerViewController.swift in Sources */,
				1782F02B235D0DD90082F9CD /* ServerEntity+CRUD.swift in Sources */,
				783B35F6244D018500425A9F /* UserData.swift in Sources */,
				17D61E202364BA6900ECAEBE /* ServerListViewController.swift in Sources */,
				783B35EF244CF11C00425A9F /* SignInCredentialsDTO.swift in Sources */,
				783B35ED244CEF6A00425A9F /* SignUpRequestDTO.swift in Sources */,
				1782F01B235CE8110082F9CD /* MainViewController.swift in Sources */,
				1782F01F235CF6380082F9CD /* SettingsViewController.swift in Sources */,
			);
			runOnlyForDeploymentPostprocessing = 0;
		};
		1782F02E235D2BB70082F9CD /* Sources */ = {
			isa = PBXSourcesBuildPhase;
			buildActionMask = 2147483647;
			files = (
				1782F035235D2BB70082F9CD /* PacketTunnelProvider.swift in Sources */,
			);
			runOnlyForDeploymentPostprocessing = 0;
		};
/* End PBXSourcesBuildPhase section */

/* Begin PBXTargetDependency section */
		1782F039235D2BB70082F9CD /* PBXTargetDependency */ = {
			isa = PBXTargetDependency;
			target = 1782F031235D2BB70082F9CD /* VPNClientNetworkExtension */;
			targetProxy = 1782F038235D2BB70082F9CD /* PBXContainerItemProxy */;
		};
/* End PBXTargetDependency section */

/* Begin PBXVariantGroup section */
		1782EFE3235CBF8D0082F9CD /* Main.storyboard */ = {
			isa = PBXVariantGroup;
			children = (
				1782EFE4235CBF8D0082F9CD /* Base */,
			);
			name = Main.storyboard;
			sourceTree = "<group>";
		};
		1782EFEB235CBF8F0082F9CD /* LaunchScreen.storyboard */ = {
			isa = PBXVariantGroup;
			children = (
				1782EFEC235CBF8F0082F9CD /* Base */,
			);
			name = LaunchScreen.storyboard;
			sourceTree = "<group>";
		};
/* End PBXVariantGroup section */

/* Begin XCBuildConfiguration section */
		1782EFEF235CBF8F0082F9CD /* Debug */ = {
			isa = XCBuildConfiguration;
			buildSettings = {
				ALWAYS_SEARCH_USER_PATHS = NO;
				CLANG_ANALYZER_NONNULL = YES;
				CLANG_ANALYZER_NUMBER_OBJECT_CONVERSION = YES_AGGRESSIVE;
				CLANG_CXX_LANGUAGE_STANDARD = "gnu++14";
				CLANG_CXX_LIBRARY = "libc++";
				CLANG_ENABLE_MODULES = YES;
				CLANG_ENABLE_OBJC_ARC = YES;
				CLANG_ENABLE_OBJC_WEAK = YES;
				CLANG_WARN_BLOCK_CAPTURE_AUTORELEASING = YES;
				CLANG_WARN_BOOL_CONVERSION = YES;
				CLANG_WARN_COMMA = YES;
				CLANG_WARN_CONSTANT_CONVERSION = YES;
				CLANG_WARN_DEPRECATED_OBJC_IMPLEMENTATIONS = YES;
				CLANG_WARN_DIRECT_OBJC_ISA_USAGE = YES_ERROR;
				CLANG_WARN_DOCUMENTATION_COMMENTS = YES;
				CLANG_WARN_EMPTY_BODY = YES;
				CLANG_WARN_ENUM_CONVERSION = YES;
				CLANG_WARN_INFINITE_RECURSION = YES;
				CLANG_WARN_INT_CONVERSION = YES;
				CLANG_WARN_NON_LITERAL_NULL_CONVERSION = YES;
				CLANG_WARN_OBJC_IMPLICIT_RETAIN_SELF = YES;
				CLANG_WARN_OBJC_LITERAL_CONVERSION = YES;
				CLANG_WARN_OBJC_ROOT_CLASS = YES_ERROR;
				CLANG_WARN_RANGE_LOOP_ANALYSIS = YES;
				CLANG_WARN_STRICT_PROTOTYPES = YES;
				CLANG_WARN_SUSPICIOUS_MOVE = YES;
				CLANG_WARN_UNGUARDED_AVAILABILITY = YES_AGGRESSIVE;
				CLANG_WARN_UNREACHABLE_CODE = YES;
				CLANG_WARN__DUPLICATE_METHOD_MATCH = YES;
				COPY_PHASE_STRIP = NO;
				DEBUG_INFORMATION_FORMAT = dwarf;
				ENABLE_STRICT_OBJC_MSGSEND = YES;
				ENABLE_TESTABILITY = YES;
				GCC_C_LANGUAGE_STANDARD = gnu11;
				GCC_DYNAMIC_NO_PIC = NO;
				GCC_NO_COMMON_BLOCKS = YES;
				GCC_OPTIMIZATION_LEVEL = 0;
				GCC_PREPROCESSOR_DEFINITIONS = (
					"DEBUG=1",
					"$(inherited)",
				);
				GCC_WARN_64_TO_32_BIT_CONVERSION = YES;
				GCC_WARN_ABOUT_RETURN_TYPE = YES_ERROR;
				GCC_WARN_UNDECLARED_SELECTOR = YES;
				GCC_WARN_UNINITIALIZED_AUTOS = YES_AGGRESSIVE;
				GCC_WARN_UNUSED_FUNCTION = YES;
				GCC_WARN_UNUSED_VARIABLE = YES;
				IPHONEOS_DEPLOYMENT_TARGET = 11.0;
				MTL_ENABLE_DEBUG_INFO = INCLUDE_SOURCE;
				MTL_FAST_MATH = YES;
				ONLY_ACTIVE_ARCH = YES;
				SDKROOT = iphoneos;
				SWIFT_ACTIVE_COMPILATION_CONDITIONS = DEBUG;
				SWIFT_OPTIMIZATION_LEVEL = "-Onone";
			};
			name = Debug;
		};
		1782EFF0235CBF8F0082F9CD /* Release */ = {
			isa = XCBuildConfiguration;
			buildSettings = {
				ALWAYS_SEARCH_USER_PATHS = NO;
				CLANG_ANALYZER_NONNULL = YES;
				CLANG_ANALYZER_NUMBER_OBJECT_CONVERSION = YES_AGGRESSIVE;
				CLANG_CXX_LANGUAGE_STANDARD = "gnu++14";
				CLANG_CXX_LIBRARY = "libc++";
				CLANG_ENABLE_MODULES = YES;
				CLANG_ENABLE_OBJC_ARC = YES;
				CLANG_ENABLE_OBJC_WEAK = YES;
				CLANG_WARN_BLOCK_CAPTURE_AUTORELEASING = YES;
				CLANG_WARN_BOOL_CONVERSION = YES;
				CLANG_WARN_COMMA = YES;
				CLANG_WARN_CONSTANT_CONVERSION = YES;
				CLANG_WARN_DEPRECATED_OBJC_IMPLEMENTATIONS = YES;
				CLANG_WARN_DIRECT_OBJC_ISA_USAGE = YES_ERROR;
				CLANG_WARN_DOCUMENTATION_COMMENTS = YES;
				CLANG_WARN_EMPTY_BODY = YES;
				CLANG_WARN_ENUM_CONVERSION = YES;
				CLANG_WARN_INFINITE_RECURSION = YES;
				CLANG_WARN_INT_CONVERSION = YES;
				CLANG_WARN_NON_LITERAL_NULL_CONVERSION = YES;
				CLANG_WARN_OBJC_IMPLICIT_RETAIN_SELF = YES;
				CLANG_WARN_OBJC_LITERAL_CONVERSION = YES;
				CLANG_WARN_OBJC_ROOT_CLASS = YES_ERROR;
				CLANG_WARN_RANGE_LOOP_ANALYSIS = YES;
				CLANG_WARN_STRICT_PROTOTYPES = YES;
				CLANG_WARN_SUSPICIOUS_MOVE = YES;
				CLANG_WARN_UNGUARDED_AVAILABILITY = YES_AGGRESSIVE;
				CLANG_WARN_UNREACHABLE_CODE = YES;
				CLANG_WARN__DUPLICATE_METHOD_MATCH = YES;
				COPY_PHASE_STRIP = NO;
				DEBUG_INFORMATION_FORMAT = "dwarf-with-dsym";
				ENABLE_NS_ASSERTIONS = NO;
				ENABLE_STRICT_OBJC_MSGSEND = YES;
				GCC_C_LANGUAGE_STANDARD = gnu11;
				GCC_NO_COMMON_BLOCKS = YES;
				GCC_WARN_64_TO_32_BIT_CONVERSION = YES;
				GCC_WARN_ABOUT_RETURN_TYPE = YES_ERROR;
				GCC_WARN_UNDECLARED_SELECTOR = YES;
				GCC_WARN_UNINITIALIZED_AUTOS = YES_AGGRESSIVE;
				GCC_WARN_UNUSED_FUNCTION = YES;
				GCC_WARN_UNUSED_VARIABLE = YES;
				IPHONEOS_DEPLOYMENT_TARGET = 11.0;
				MTL_ENABLE_DEBUG_INFO = NO;
				MTL_FAST_MATH = YES;
				SDKROOT = iphoneos;
				SWIFT_COMPILATION_MODE = wholemodule;
				SWIFT_OPTIMIZATION_LEVEL = "-O";
				VALIDATE_PRODUCT = YES;
			};
			name = Release;
		};
		1782EFF2235CBF8F0082F9CD /* Debug */ = {
			isa = XCBuildConfiguration;
			baseConfigurationReference = 6930C09787686C98BABADA50 /* Pods-VPNClient.debug.xcconfig */;
			buildSettings = {
				ALWAYS_EMBED_SWIFT_STANDARD_LIBRARIES = YES;
				ASSETCATALOG_COMPILER_APPICON_NAME = AppIcon;
				CODE_SIGN_ENTITLEMENTS = VPNClient/VPNClient.entitlements;
				CODE_SIGN_STYLE = Automatic;
				CURRENT_PROJECT_VERSION = 8;
				DEVELOPMENT_TEAM = 7LN5H63WGN;
				INFOPLIST_FILE = VPNClient/Info.plist;
				IPHONEOS_DEPLOYMENT_TARGET = 11.0;
				LD_RUNPATH_SEARCH_PATHS = (
					"$(inherited)",
					"@executable_path/Frameworks",
				);
				MARKETING_VERSION = 1.3;
				PRODUCT_BUNDLE_IDENTIFIER = info.vpnuk.VPN;
				PRODUCT_NAME = VPNUK;
				SWIFT_VERSION = 5.0;
				TARGETED_DEVICE_FAMILY = "1,2";
			};
			name = Debug;
		};
		1782EFF3235CBF8F0082F9CD /* Release */ = {
			isa = XCBuildConfiguration;
			baseConfigurationReference = 01793B1015A841CA6038392C /* Pods-VPNClient.release.xcconfig */;
			buildSettings = {
				ALWAYS_EMBED_SWIFT_STANDARD_LIBRARIES = YES;
				ASSETCATALOG_COMPILER_APPICON_NAME = AppIcon;
				CODE_SIGN_ENTITLEMENTS = VPNClient/VPNClient.entitlements;
				CODE_SIGN_STYLE = Automatic;
				CURRENT_PROJECT_VERSION = 8;
				DEVELOPMENT_TEAM = 7LN5H63WGN;
				INFOPLIST_FILE = VPNClient/Info.plist;
				IPHONEOS_DEPLOYMENT_TARGET = 11.0;
				LD_RUNPATH_SEARCH_PATHS = (
					"$(inherited)",
					"@executable_path/Frameworks",
				);
				MARKETING_VERSION = 1.3;
				PRODUCT_BUNDLE_IDENTIFIER = info.vpnuk.VPN;
				PRODUCT_NAME = VPNUK;
				SWIFT_VERSION = 5.0;
				TARGETED_DEVICE_FAMILY = "1,2";
			};
			name = Release;
		};
		1782F03C235D2BB70082F9CD /* Debug */ = {
			isa = XCBuildConfiguration;
			baseConfigurationReference = D9D650901D3CDC7F32EC06FA /* Pods-VPNClientNetworkExtension.debug.xcconfig */;
			buildSettings = {
				CODE_SIGN_ENTITLEMENTS = VPNClientNetworkExtension/VPNClientNetworkExtension.entitlements;
				CODE_SIGN_STYLE = Automatic;
				CURRENT_PROJECT_VERSION = 8;
				DEVELOPMENT_TEAM = 7LN5H63WGN;
				INFOPLIST_FILE = VPNClientNetworkExtension/Info.plist;
				LD_RUNPATH_SEARCH_PATHS = (
					"$(inherited)",
					"@executable_path/Frameworks",
					"@executable_path/../../Frameworks",
				);
				MARKETING_VERSION = 1.3;
				PRODUCT_BUNDLE_IDENTIFIER = info.vpnuk.VPN.VPNClientNetworkExtension;
				PRODUCT_NAME = "$(TARGET_NAME)";
				SKIP_INSTALL = YES;
				SWIFT_VERSION = 5.0;
				TARGETED_DEVICE_FAMILY = "1,2";
			};
			name = Debug;
		};
		1782F03D235D2BB70082F9CD /* Release */ = {
			isa = XCBuildConfiguration;
			baseConfigurationReference = 87E5941B03938A911B623791 /* Pods-VPNClientNetworkExtension.release.xcconfig */;
			buildSettings = {
				CODE_SIGN_ENTITLEMENTS = VPNClientNetworkExtension/VPNClientNetworkExtension.entitlements;
				CODE_SIGN_STYLE = Automatic;
				CURRENT_PROJECT_VERSION = 8;
				DEVELOPMENT_TEAM = 7LN5H63WGN;
				GCC_OPTIMIZATION_LEVEL = 0;
				INFOPLIST_FILE = VPNClientNetworkExtension/Info.plist;
				LD_RUNPATH_SEARCH_PATHS = (
					"$(inherited)",
					"@executable_path/Frameworks",
					"@executable_path/../../Frameworks",
				);
				MARKETING_VERSION = 1.3;
				PRODUCT_BUNDLE_IDENTIFIER = info.vpnuk.VPN.VPNClientNetworkExtension;
				PRODUCT_NAME = "$(TARGET_NAME)";
				SKIP_INSTALL = YES;
				SWIFT_OPTIMIZATION_LEVEL = "-Onone";
				SWIFT_VERSION = 5.0;
				TARGETED_DEVICE_FAMILY = "1,2";
			};
			name = Release;
		};
/* End XCBuildConfiguration section */

/* Begin XCConfigurationList section */
		1782EFD5235CBF8D0082F9CD /* Build configuration list for PBXProject "VPNClient" */ = {
			isa = XCConfigurationList;
			buildConfigurations = (
				1782EFEF235CBF8F0082F9CD /* Debug */,
				1782EFF0235CBF8F0082F9CD /* Release */,
			);
			defaultConfigurationIsVisible = 0;
			defaultConfigurationName = Release;
		};
		1782EFF1235CBF8F0082F9CD /* Build configuration list for PBXNativeTarget "VPNClient" */ = {
			isa = XCConfigurationList;
			buildConfigurations = (
				1782EFF2235CBF8F0082F9CD /* Debug */,
				1782EFF3235CBF8F0082F9CD /* Release */,
			);
			defaultConfigurationIsVisible = 0;
			defaultConfigurationName = Release;
		};
		1782F03B235D2BB70082F9CD /* Build configuration list for PBXNativeTarget "VPNClientNetworkExtension" */ = {
			isa = XCConfigurationList;
			buildConfigurations = (
				1782F03C235D2BB70082F9CD /* Debug */,
				1782F03D235D2BB70082F9CD /* Release */,
			);
			defaultConfigurationIsVisible = 0;
			defaultConfigurationName = Release;
		};
/* End XCConfigurationList section */

/* Begin XCVersionGroup section */
		1782EFE6235CBF8D0082F9CD /* VPNClient.xcdatamodeld */ = {
			isa = XCVersionGroup;
			children = (
				175105A8236A126D0097D78C /* VPNClient 2.xcdatamodel */,
				1782EFE7235CBF8D0082F9CD /* VPNClient.xcdatamodel */,
			);
			currentVersion = 175105A8236A126D0097D78C /* VPNClient 2.xcdatamodel */;
			path = VPNClient.xcdatamodeld;
			sourceTree = "<group>";
			versionGroupType = wrapper.xcdatamodel;
		};
/* End XCVersionGroup section */
	};
	rootObject = 1782EFD2235CBF8D0082F9CD /* Project object */;
}
