// !$*UTF8*$!
{
	archiveVersion = 1;
	classes = {
	};
	objectVersion = 51;
	objects = {

/* Begin PBXBuildFile section */
		10A16BAFEB6E574F7EF16304 /* Pods_VPNClientNetworkExtension.framework in Frameworks */ = {isa = PBXBuildFile; fileRef = 0CD297D895FE5A9A1E2595F2 /* Pods_VPNClientNetworkExtension.framework */; };
		1782EFDE235CBF8D0082F9CD /* AppDelegate.swift in Sources */ = {isa = PBXBuildFile; fileRef = 1782EFDD235CBF8D0082F9CD /* AppDelegate.swift */; };
		1782EFE5235CBF8D0082F9CD /* Main.storyboard in Resources */ = {isa = PBXBuildFile; fileRef = 1782EFE3235CBF8D0082F9CD /* Main.storyboard */; };
		1782EFE8235CBF8D0082F9CD /* VPNClient.xcdatamodeld in Sources */ = {isa = PBXBuildFile; fileRef = 1782EFE6235CBF8D0082F9CD /* VPNClient.xcdatamodeld */; };
		1782EFEA235CBF8F0082F9CD /* Assets.xcassets in Resources */ = {isa = PBXBuildFile; fileRef = 1782EFE9235CBF8F0082F9CD /* Assets.xcassets */; };
		1782EFED235CBF8F0082F9CD /* LaunchScreen.storyboard in Resources */ = {isa = PBXBuildFile; fileRef = 1782EFEB235CBF8F0082F9CD /* LaunchScreen.storyboard */; };
		1782EFF9235CC06C0082F9CD /* CoreDataStack.swift in Sources */ = {isa = PBXBuildFile; fileRef = 1782EFF8235CC06C0082F9CD /* CoreDataStack.swift */; };
		1782F010235CC3BC0082F9CD /* OpenVPNService.swift in Sources */ = {isa = PBXBuildFile; fileRef = 1782F00F235CC3BC0082F9CD /* OpenVPNService.swift */; };
		1782F013235CC3DD0082F9CD /* OpenVPNConstants.swift in Sources */ = {isa = PBXBuildFile; fileRef = 1782F012235CC3DD0082F9CD /* OpenVPNConstants.swift */; };
		1782F017235CC70C0082F9CD /* ServerDto.swift in Sources */ = {isa = PBXBuildFile; fileRef = 1782F016235CC70C0082F9CD /* ServerDto.swift */; };
		1782F01F235CF6380082F9CD /* SettingsViewController.swift in Sources */ = {isa = PBXBuildFile; fileRef = 1782F01E235CF6380082F9CD /* SettingsViewController.swift */; };
		1782F024235D02AE0082F9CD /* ServerItemTableViewCell.swift in Sources */ = {isa = PBXBuildFile; fileRef = 1782F023235D02AE0082F9CD /* ServerItemTableViewCell.swift */; };
		1782F027235D07BA0082F9CD /* UserDefaults+Settings.swift in Sources */ = {isa = PBXBuildFile; fileRef = 1782F026235D07BA0082F9CD /* UserDefaults+Settings.swift */; };
		1782F02B235D0DD90082F9CD /* ServerEntity+CRUD.swift in Sources */ = {isa = PBXBuildFile; fileRef = 1782F02A235D0DD90082F9CD /* ServerEntity+CRUD.swift */; };
		1782F02D235D1F310082F9CD /* RestAPI.swift in Sources */ = {isa = PBXBuildFile; fileRef = 1782F02C235D1F310082F9CD /* RestAPI.swift */; };
		1782F035235D2BB70082F9CD /* PacketTunnelProvider.swift in Sources */ = {isa = PBXBuildFile; fileRef = 1782F034235D2BB70082F9CD /* PacketTunnelProvider.swift */; };
		1782F03A235D2BB70082F9CD /* VPNClientNetworkExtension.appex in Embed App Extensions */ = {isa = PBXBuildFile; fileRef = 1782F032235D2BB70082F9CD /* VPNClientNetworkExtension.appex */; settings = {ATTRIBUTES = (RemoveHeadersOnCopy, ); }; };
		1782F040235D2BEF0082F9CD /* NetworkExtension.framework in Frameworks */ = {isa = PBXBuildFile; fileRef = 1782F03F235D2BEF0082F9CD /* NetworkExtension.framework */; };
		1782F042235D2CBE0082F9CD /* NetworkExtension.framework in Frameworks */ = {isa = PBXBuildFile; fileRef = 1782F03F235D2BEF0082F9CD /* NetworkExtension.framework */; };
		17D61E222364BD4100ECAEBE /* ServerItemTableViewCell.xib in Resources */ = {isa = PBXBuildFile; fileRef = 17D61E212364BD4100ECAEBE /* ServerItemTableViewCell.xib */; };
		17D61E242364C60100ECAEBE /* VersionsDTO.swift in Sources */ = {isa = PBXBuildFile; fileRef = 17D61E232364C60100ECAEBE /* VersionsDTO.swift */; };
		4A5DF31520B9F03E4A7629CB /* Pods_VPNClient.framework in Frameworks */ = {isa = PBXBuildFile; fileRef = 8411DE80B22FB7A88AF01EBF /* Pods_VPNClient.framework */; };
		78360DB724606E7900988F14 /* ConnectionStatusView.swift in Sources */ = {isa = PBXBuildFile; fileRef = 78360DB624606E7900988F14 /* ConnectionStatusView.swift */; };
		78360DB92461E33000988F14 /* UIView+Extensions.swift in Sources */ = {isa = PBXBuildFile; fileRef = 78360DB82461E33000988F14 /* UIView+Extensions.swift */; };
		78360DBC2461E47D00988F14 /* ServerPickerListViewController.swift in Sources */ = {isa = PBXBuildFile; fileRef = 78360DBB2461E47D00988F14 /* ServerPickerListViewController.swift */; };
		78360DC224620B7800988F14 /* CredentialsProviderFactory.swift in Sources */ = {isa = PBXBuildFile; fileRef = 78360DC124620B7800988F14 /* CredentialsProviderFactory.swift */; };
		78360DC924620BFA00988F14 /* CredentialsProvider.swift in Sources */ = {isa = PBXBuildFile; fileRef = 78360DC824620BFA00988F14 /* CredentialsProvider.swift */; };
		78360DCC24620CE300988F14 /* ServerProvider.swift in Sources */ = {isa = PBXBuildFile; fileRef = 78360DCB24620CE300988F14 /* ServerProvider.swift */; };
		78360DCF24620FD700988F14 /* CredentialsStorage.swift in Sources */ = {isa = PBXBuildFile; fileRef = 78360DCE24620FD700988F14 /* CredentialsStorage.swift */; };
		78360DD32463474100988F14 /* MainScreenRouter.swift in Sources */ = {isa = PBXBuildFile; fileRef = 78360DD22463474100988F14 /* MainScreenRouter.swift */; };
		78360DD624634B1B00988F14 /* CustomConnectViewModel.swift in Sources */ = {isa = PBXBuildFile; fileRef = 78360DD524634B1B00988F14 /* CustomConnectViewModel.swift */; };
		78360DD924634B4900988F14 /* AccountVPNUKConnectViewModel.swift in Sources */ = {isa = PBXBuildFile; fileRef = 78360DD824634B4900988F14 /* AccountVPNUKConnectViewModel.swift */; };
		78360DDD246354FB00988F14 /* AuthVPNUKConnectView.swift in Sources */ = {isa = PBXBuildFile; fileRef = 78360DDC246354FB00988F14 /* AuthVPNUKConnectView.swift */; };
		78360DE32463564200988F14 /* AccountVPNUKConnectView.swift in Sources */ = {isa = PBXBuildFile; fileRef = 78360DE22463564200988F14 /* AccountVPNUKConnectView.swift */; };
		78360DE52463565E00988F14 /* AuthVPNUKConnectViewModel.swift in Sources */ = {isa = PBXBuildFile; fileRef = 78360DE42463565E00988F14 /* AuthVPNUKConnectViewModel.swift */; };
		78360DE9246356AD00988F14 /* CustomConnectView.swift in Sources */ = {isa = PBXBuildFile; fileRef = 78360DE8246356AD00988F14 /* CustomConnectView.swift */; };
		78360DEB2463699500988F14 /* ConnectScreenFactory.swift in Sources */ = {isa = PBXBuildFile; fileRef = 78360DEA2463699500988F14 /* ConnectScreenFactory.swift */; };
		78360DED24636CBB00988F14 /* KeychainKeys.swift in Sources */ = {isa = PBXBuildFile; fileRef = 78360DEC24636CBB00988F14 /* KeychainKeys.swift */; };
		78360DF024636EFC00988F14 /* AuthService.swift in Sources */ = {isa = PBXBuildFile; fileRef = 78360DEF24636EFC00988F14 /* AuthService.swift */; };
		78360DF2246375D400988F14 /* VPNUKConnectRouter.swift in Sources */ = {isa = PBXBuildFile; fileRef = 78360DF1246375D400988F14 /* VPNUKConnectRouter.swift */; };
		78360DF42463771800988F14 /* VPNUKConnectFactory.swift in Sources */ = {isa = PBXBuildFile; fileRef = 78360DF32463771800988F14 /* VPNUKConnectFactory.swift */; };
		78360DF82465DE2800988F14 /* MainScreenViewController.swift in Sources */ = {isa = PBXBuildFile; fileRef = 78360DF72465DE2800988F14 /* MainScreenViewController.swift */; };
		783B35ED244CEF6A00425A9F /* SignUpRequestDTO.swift in Sources */ = {isa = PBXBuildFile; fileRef = 783B35EC244CEF6A00425A9F /* SignUpRequestDTO.swift */; };
		783B35EF244CF11C00425A9F /* SignInCredentialsDTO.swift in Sources */ = {isa = PBXBuildFile; fileRef = 783B35EE244CF11C00425A9F /* SignInCredentialsDTO.swift */; };
		783B35F1244CF1D600425A9F /* SignInResponseDTO.swift in Sources */ = {isa = PBXBuildFile; fileRef = 783B35F0244CF1D600425A9F /* SignInResponseDTO.swift */; };
		783B35F4244D00FA00425A9F /* UserService.swift in Sources */ = {isa = PBXBuildFile; fileRef = 783B35F3244D00FA00425A9F /* UserService.swift */; };
		783B35F6244D018500425A9F /* UserData.swift in Sources */ = {isa = PBXBuildFile; fileRef = 783B35F5244D018500425A9F /* UserData.swift */; };
		7844C0E424D6C9BB00EF5588 /* InAppPurchasesService.swift in Sources */ = {isa = PBXBuildFile; fileRef = 7844C0E324D6C9BB00EF5588 /* InAppPurchasesService.swift */; };
		7844C0E624D6C9E100EF5588 /* PurchaseProduct.swift in Sources */ = {isa = PBXBuildFile; fileRef = 7844C0E524D6C9E100EF5588 /* PurchaseProduct.swift */; };
		7844C0E824D6D78700EF5588 /* PurchaseSubscriptionFactory.swift in Sources */ = {isa = PBXBuildFile; fileRef = 7844C0E724D6D78700EF5588 /* PurchaseSubscriptionFactory.swift */; };
		7844C0EA24D6D79600EF5588 /* PurchaseSubscriptionOfferViewController.swift in Sources */ = {isa = PBXBuildFile; fileRef = 7844C0E924D6D79600EF5588 /* PurchaseSubscriptionOfferViewController.swift */; };
		7844C0EE24D7096D00EF5588 /* PurchaseSubscriptionOfferRouter.swift in Sources */ = {isa = PBXBuildFile; fileRef = 7844C0ED24D7096D00EF5588 /* PurchaseSubscriptionOfferRouter.swift */; };
		7844C0F124D750E000EF5588 /* PurchaseSubscriptionBannerView.swift in Sources */ = {isa = PBXBuildFile; fileRef = 7844C0F024D750E000EF5588 /* PurchaseSubscriptionBannerView.swift */; };
		78461EEC25363C1000D01978 /* IAPReceiptDTO.swift in Sources */ = {isa = PBXBuildFile; fileRef = 78461EEB25363C1000D01978 /* IAPReceiptDTO.swift */; };
		7846416B249E3E1A00F7BA40 /* SubscriptionCreateResponseDTO.swift in Sources */ = {isa = PBXBuildFile; fileRef = 7846416A249E3E1A00F7BA40 /* SubscriptionCreateResponseDTO.swift */; };
		7846416D249E3E4E00F7BA40 /* SubscriptionDTO.swift in Sources */ = {isa = PBXBuildFile; fileRef = 7846416C249E3E4E00F7BA40 /* SubscriptionDTO.swift */; };
		7846416F249E42E600F7BA40 /* ServersRepository.swift in Sources */ = {isa = PBXBuildFile; fileRef = 7846416E249E42E600F7BA40 /* ServersRepository.swift */; };
		78464173249E4E6500F7BA40 /* ServerPickerViewModel.swift in Sources */ = {isa = PBXBuildFile; fileRef = 78464172249E4E6500F7BA40 /* ServerPickerViewModel.swift */; };
		7849602824C62ADB00157AB4 /* PurchaseSubscriptionChoosePlanView.swift in Sources */ = {isa = PBXBuildFile; fileRef = 7849602724C62ADB00157AB4 /* PurchaseSubscriptionChoosePlanView.swift */; };
		7849602A24C62BD000157AB4 /* PurchaseSubscriptionOptionView.swift in Sources */ = {isa = PBXBuildFile; fileRef = 7849602924C62BD000157AB4 /* PurchaseSubscriptionOptionView.swift */; };
		7849602C24C6321700157AB4 /* PurchaseSubscriptionPriceView.swift in Sources */ = {isa = PBXBuildFile; fileRef = 7849602B24C6321700157AB4 /* PurchaseSubscriptionPriceView.swift */; };
		7849602E24C6322400157AB4 /* PurchaseSubscriptionAdvantagesView.swift in Sources */ = {isa = PBXBuildFile; fileRef = 7849602D24C6322400157AB4 /* PurchaseSubscriptionAdvantagesView.swift */; };
		7849603024C6323F00157AB4 /* PurchaseSubscriptionTermsAndDetailsView.swift in Sources */ = {isa = PBXBuildFile; fileRef = 7849602F24C6323F00157AB4 /* PurchaseSubscriptionTermsAndDetailsView.swift */; };
		7849603224C6368400157AB4 /* PurchaseSubscriptionOfferViewModel.swift in Sources */ = {isa = PBXBuildFile; fileRef = 7849603124C6368400157AB4 /* PurchaseSubscriptionOfferViewModel.swift */; };
		784CEFD424B2620A00D95ED6 /* PickedSubscriptionView.swift in Sources */ = {isa = PBXBuildFile; fileRef = 784CEFD324B2620A00D95ED6 /* PickedSubscriptionView.swift */; };
		784CEFD624B2624500D95ED6 /* PickedSubscriptionInfoView.swift in Sources */ = {isa = PBXBuildFile; fileRef = 784CEFD524B2624500D95ED6 /* PickedSubscriptionInfoView.swift */; };
		784CEFD824B2626100D95ED6 /* PickedSubscriptionDedicatedServerView.swift in Sources */ = {isa = PBXBuildFile; fileRef = 784CEFD724B2626100D95ED6 /* PickedSubscriptionDedicatedServerView.swift */; };
		784CEFDA24B2627900D95ED6 /* PickedSubscriptionVPNAccountView.swift in Sources */ = {isa = PBXBuildFile; fileRef = 784CEFD924B2627900D95ED6 /* PickedSubscriptionVPNAccountView.swift */; };
		784CEFDC24B263BE00D95ED6 /* SubsriptionStatus.swift in Sources */ = {isa = PBXBuildFile; fileRef = 784CEFDB24B263BE00D95ED6 /* SubsriptionStatus.swift */; };
		784CEFE024B26AC700D95ED6 /* NotPickedSubscriptionView.swift in Sources */ = {isa = PBXBuildFile; fileRef = 784CEFDF24B26AC700D95ED6 /* NotPickedSubscriptionView.swift */; };
		784CEFE224B26B8D00D95ED6 /* SubscriptionPickerView.swift in Sources */ = {isa = PBXBuildFile; fileRef = 784CEFE124B26B8D00D95ED6 /* SubscriptionPickerView.swift */; };
		784CEFE524B26DA000D95ED6 /* SubscriptionsListViewController.swift in Sources */ = {isa = PBXBuildFile; fileRef = 784CEFE424B26DA000D95ED6 /* SubscriptionsListViewController.swift */; };
		784CEFE724B26DBB00D95ED6 /* VPNAccountsListViewController.swift in Sources */ = {isa = PBXBuildFile; fileRef = 784CEFE624B26DBB00D95ED6 /* VPNAccountsListViewController.swift */; };
		7852466425839A7600CAE94C /* GoogleService-Info.plist in Resources */ = {isa = PBXBuildFile; fileRef = 7852466325839A7600CAE94C /* GoogleService-Info.plist */; };
		7852466525839A7600CAE94C /* GoogleService-Info.plist in Resources */ = {isa = PBXBuildFile; fileRef = 7852466325839A7600CAE94C /* GoogleService-Info.plist */; };
		786B8D3124E95956003AE398 /* PurchaseSubscriptionChooseCountryViewModel.swift in Sources */ = {isa = PBXBuildFile; fileRef = 786B8D3024E95956003AE398 /* PurchaseSubscriptionChooseCountryViewModel.swift */; };
		786B8D3524E99CCD003AE398 /* PurchaseSubscriptionChooseCountryFactory.swift in Sources */ = {isa = PBXBuildFile; fileRef = 786B8D3424E99CCD003AE398 /* PurchaseSubscriptionChooseCountryFactory.swift */; };
		786B8D3724E99E43003AE398 /* PurchaseSubscriptionChooseCountryRouter.swift in Sources */ = {isa = PBXBuildFile; fileRef = 786B8D3624E99E43003AE398 /* PurchaseSubscriptionChooseCountryRouter.swift */; };
		78761748257BCD39004EA19B /* RenewPendingSubscriptionViewModel.swift in Sources */ = {isa = PBXBuildFile; fileRef = 78761747257BCD39004EA19B /* RenewPendingSubscriptionViewModel.swift */; };
		7876174D257BCF48004EA19B /* PendingSubscriptionOrderDTO.swift in Sources */ = {isa = PBXBuildFile; fileRef = 7876174C257BCF48004EA19B /* PendingSubscriptionOrderDTO.swift */; };
		78761751257BD89D004EA19B /* RenewPendingSubscriptionFactory.swift in Sources */ = {isa = PBXBuildFile; fileRef = 78761750257BD89D004EA19B /* RenewPendingSubscriptionFactory.swift */; };
		78761755257BDB76004EA19B /* SubscriptionConstants.swift in Sources */ = {isa = PBXBuildFile; fileRef = 78761754257BDB76004EA19B /* SubscriptionConstants.swift */; };
		7876175D257BEE48004EA19B /* RenewSubscriptionButtonModelBuilder.swift in Sources */ = {isa = PBXBuildFile; fileRef = 7876175C257BEE48004EA19B /* RenewSubscriptionButtonModelBuilder.swift */; };
		78761790257BFF39004EA19B /* SKProduct+Price.swift in Sources */ = {isa = PBXBuildFile; fileRef = 7876178F257BFF39004EA19B /* SKProduct+Price.swift */; };
		78914B8A24C6291300BE0835 /* PurchaseSubscriptionOfferView.swift in Sources */ = {isa = PBXBuildFile; fileRef = 78914B8924C6291300BE0835 /* PurchaseSubscriptionOfferView.swift */; };
		789FAD812729ADFF00378CC6 /* Result+Error.swift in Sources */ = {isa = PBXBuildFile; fileRef = 789FAD802729ADFF00378CC6 /* Result+Error.swift */; };
		78A382BA2470878F003AB50B /* LastConnectionStorage.swift in Sources */ = {isa = PBXBuildFile; fileRef = 78A382B92470878F003AB50B /* LastConnectionStorage.swift */; };
		78AC52E8257D2AF000D8DFA2 /* Array+Unique.swift in Sources */ = {isa = PBXBuildFile; fileRef = 78AC52E7257D2AF000D8DFA2 /* Array+Unique.swift */; };
		78B69D9624EC62CB00B4B6BC /* ReceiptResponseEntity.swift in Sources */ = {isa = PBXBuildFile; fileRef = 78B69D9524EC62CB00B4B6BC /* ReceiptResponseEntity.swift */; };
		78B8DDC624B636E7009399C5 /* SubscriptionsListPickerFactory.swift in Sources */ = {isa = PBXBuildFile; fileRef = 78B8DDC524B636E7009399C5 /* SubscriptionsListPickerFactory.swift */; };
		78B8DDC924B65086009399C5 /* SubscriptionTableViewCell.swift in Sources */ = {isa = PBXBuildFile; fileRef = 78B8DDC824B65086009399C5 /* SubscriptionTableViewCell.swift */; };
		78B8DDCB24B653BB009399C5 /* VPNAccountTableViewCell.swift in Sources */ = {isa = PBXBuildFile; fileRef = 78B8DDCA24B653BB009399C5 /* VPNAccountTableViewCell.swift */; };
		78B8DDCD24B662ED009399C5 /* SubscriptionCreateRequestDTO.swift in Sources */ = {isa = PBXBuildFile; fileRef = 78B8DDCC24B662ED009399C5 /* SubscriptionCreateRequestDTO.swift */; };
		78BEA73225867CE200A5C20D /* AlertUtils.swift in Sources */ = {isa = PBXBuildFile; fileRef = 78BEA73125867CE200A5C20D /* AlertUtils.swift */; };
		78BEA7382586897200A5C20D /* PurchaseSubscriptionTooltipView.swift in Sources */ = {isa = PBXBuildFile; fileRef = 78BEA7372586897200A5C20D /* PurchaseSubscriptionTooltipView.swift */; };
		78C0491424A7BFE400932E0A /* RegistrationVPNUKConnectViewModel.swift in Sources */ = {isa = PBXBuildFile; fileRef = 78C0491324A7BFE400932E0A /* RegistrationVPNUKConnectViewModel.swift */; };
		78C0491624A7BFFC00932E0A /* RegistrationVPNUKConnectView.swift in Sources */ = {isa = PBXBuildFile; fileRef = 78C0491524A7BFFC00932E0A /* RegistrationVPNUKConnectView.swift */; };
		78CC17642725850E00224DA5 /* OpenVPNConfigurationsProvider.swift in Sources */ = {isa = PBXBuildFile; fileRef = 78CC17632725850E00224DA5 /* OpenVPNConfigurationsProvider.swift */; };
		78CC1767272585E600224DA5 /* UserVPNConnectionSettings.swift in Sources */ = {isa = PBXBuildFile; fileRef = 78CC1766272585E600224DA5 /* UserVPNConnectionSettings.swift */; };
		78CC17692725AFFB00224DA5 /* ServerUpdatesChecker.swift in Sources */ = {isa = PBXBuildFile; fileRef = 78CC17682725AFFB00224DA5 /* ServerUpdatesChecker.swift */; };
		78CC176B2725B92F00224DA5 /* OpenVPNConfigurationRepository.swift in Sources */ = {isa = PBXBuildFile; fileRef = 78CC176A2725B92F00224DA5 /* OpenVPNConfigurationRepository.swift */; };
		78FE0A0224672E120004161B /* MainScreenViewModel.swift in Sources */ = {isa = PBXBuildFile; fileRef = 78FE0A0124672E120004161B /* MainScreenViewModel.swift */; };
		78FE0A042467329B0004161B /* MainScreenFactory.swift in Sources */ = {isa = PBXBuildFile; fileRef = 78FE0A032467329B0004161B /* MainScreenFactory.swift */; };
		78FE0A0A246752670004161B /* ServerPickerPickedView.swift in Sources */ = {isa = PBXBuildFile; fileRef = 78FE0A09246752670004161B /* ServerPickerPickedView.swift */; };
		78FE0A0C246752750004161B /* ServerPickerPickedView.xib in Resources */ = {isa = PBXBuildFile; fileRef = 78FE0A0B246752750004161B /* ServerPickerPickedView.xib */; };
		78FE0A0F24675BF80004161B /* ServerPickerNotPickedView.swift in Sources */ = {isa = PBXBuildFile; fileRef = 78FE0A0E24675BF80004161B /* ServerPickerNotPickedView.swift */; };
		78FE0A1124675DF80004161B /* ServerPickerView.swift in Sources */ = {isa = PBXBuildFile; fileRef = 78FE0A1024675DF80004161B /* ServerPickerView.swift */; };
		FA02C2A124CD6F4D00D907F2 /* PurchaseSubscriptionChooseCountryView.swift in Sources */ = {isa = PBXBuildFile; fileRef = FA02C2A024CD6F4D00D907F2 /* PurchaseSubscriptionChooseCountryView.swift */; };
		FA1DB12B24D4AB0F0023880E /* ChooseCountryViewController.swift in Sources */ = {isa = PBXBuildFile; fileRef = FA1DB12A24D4AB0F0023880E /* ChooseCountryViewController.swift */; };
		FA53E42324C8B61500E552AB /* Podfile in Resources */ = {isa = PBXBuildFile; fileRef = FA53E42224C8B61500E552AB /* Podfile */; };
		FA53E42424C8B61500E552AB /* Podfile in Resources */ = {isa = PBXBuildFile; fileRef = FA53E42224C8B61500E552AB /* Podfile */; };
		FA5DCFFE24CC44500017D6F3 /* PurchaseSubscriptionPeriodView.swift in Sources */ = {isa = PBXBuildFile; fileRef = FA5DCFFD24CC44500017D6F3 /* PurchaseSubscriptionPeriodView.swift */; };
		FA5DD00024CC44570017D6F3 /* PurchaseSubscriptionMaxUsersView.swift in Sources */ = {isa = PBXBuildFile; fileRef = FA5DCFFF24CC44570017D6F3 /* PurchaseSubscriptionMaxUsersView.swift */; };
		FA5DD00224CC44660017D6F3 /* PurchaseSubscriptionChoosePlansView.swift in Sources */ = {isa = PBXBuildFile; fileRef = FA5DD00124CC44660017D6F3 /* PurchaseSubscriptionChoosePlansView.swift */; };
		FA859BDA24CED44C002F12E7 /* Style.swift in Sources */ = {isa = PBXBuildFile; fileRef = FA859BD924CED44C002F12E7 /* Style.swift */; };
/* End PBXBuildFile section */

/* Begin PBXContainerItemProxy section */
		1782F038235D2BB70082F9CD /* PBXContainerItemProxy */ = {
			isa = PBXContainerItemProxy;
			containerPortal = 1782EFD2235CBF8D0082F9CD /* Project object */;
			proxyType = 1;
			remoteGlobalIDString = 1782F031235D2BB70082F9CD;
			remoteInfo = VPNClientNetworkExtension;
		};
/* End PBXContainerItemProxy section */

/* Begin PBXCopyFilesBuildPhase section */
		1782F03E235D2BB70082F9CD /* Embed App Extensions */ = {
			isa = PBXCopyFilesBuildPhase;
			buildActionMask = 2147483647;
			dstPath = "";
			dstSubfolderSpec = 13;
			files = (
				1782F03A235D2BB70082F9CD /* VPNClientNetworkExtension.appex in Embed App Extensions */,
			);
			name = "Embed App Extensions";
			runOnlyForDeploymentPostprocessing = 0;
		};
/* End PBXCopyFilesBuildPhase section */

/* Begin PBXFileReference section */
		01793B1015A841CA6038392C /* Pods-VPNClient.release.xcconfig */ = {isa = PBXFileReference; includeInIndex = 1; lastKnownFileType = text.xcconfig; name = "Pods-VPNClient.release.xcconfig"; path = "Target Support Files/Pods-VPNClient/Pods-VPNClient.release.xcconfig"; sourceTree = "<group>"; };
		0CD297D895FE5A9A1E2595F2 /* Pods_VPNClientNetworkExtension.framework */ = {isa = PBXFileReference; explicitFileType = wrapper.framework; includeInIndex = 0; path = Pods_VPNClientNetworkExtension.framework; sourceTree = BUILT_PRODUCTS_DIR; };
		175105A8236A126D0097D78C /* VPNClient 2.xcdatamodel */ = {isa = PBXFileReference; lastKnownFileType = wrapper.xcdatamodel; path = "VPNClient 2.xcdatamodel"; sourceTree = "<group>"; };
		1782EFDA235CBF8D0082F9CD /* VPNUK.app */ = {isa = PBXFileReference; explicitFileType = wrapper.application; includeInIndex = 0; path = VPNUK.app; sourceTree = BUILT_PRODUCTS_DIR; };
		1782EFDD235CBF8D0082F9CD /* AppDelegate.swift */ = {isa = PBXFileReference; lastKnownFileType = sourcecode.swift; path = AppDelegate.swift; sourceTree = "<group>"; };
		1782EFE4235CBF8D0082F9CD /* Base */ = {isa = PBXFileReference; lastKnownFileType = file.storyboard; name = Base; path = Base.lproj/Main.storyboard; sourceTree = "<group>"; };
		1782EFE7235CBF8D0082F9CD /* VPNClient.xcdatamodel */ = {isa = PBXFileReference; lastKnownFileType = wrapper.xcdatamodel; path = VPNClient.xcdatamodel; sourceTree = "<group>"; };
		1782EFE9235CBF8F0082F9CD /* Assets.xcassets */ = {isa = PBXFileReference; lastKnownFileType = folder.assetcatalog; path = Assets.xcassets; sourceTree = "<group>"; };
		1782EFEC235CBF8F0082F9CD /* Base */ = {isa = PBXFileReference; lastKnownFileType = file.storyboard; name = Base; path = Base.lproj/LaunchScreen.storyboard; sourceTree = "<group>"; };
		1782EFEE235CBF8F0082F9CD /* Info.plist */ = {isa = PBXFileReference; lastKnownFileType = text.plist.xml; path = Info.plist; sourceTree = "<group>"; };
		1782EFF8235CC06C0082F9CD /* CoreDataStack.swift */ = {isa = PBXFileReference; lastKnownFileType = sourcecode.swift; path = CoreDataStack.swift; sourceTree = "<group>"; };
		1782F00F235CC3BC0082F9CD /* OpenVPNService.swift */ = {isa = PBXFileReference; lastKnownFileType = sourcecode.swift; path = OpenVPNService.swift; sourceTree = "<group>"; };
		1782F012235CC3DD0082F9CD /* OpenVPNConstants.swift */ = {isa = PBXFileReference; lastKnownFileType = sourcecode.swift; path = OpenVPNConstants.swift; sourceTree = "<group>"; };
		1782F016235CC70C0082F9CD /* ServerDto.swift */ = {isa = PBXFileReference; lastKnownFileType = sourcecode.swift; path = ServerDto.swift; sourceTree = "<group>"; };
		1782F01E235CF6380082F9CD /* SettingsViewController.swift */ = {isa = PBXFileReference; lastKnownFileType = sourcecode.swift; path = SettingsViewController.swift; sourceTree = "<group>"; };
		1782F023235D02AE0082F9CD /* ServerItemTableViewCell.swift */ = {isa = PBXFileReference; lastKnownFileType = sourcecode.swift; path = ServerItemTableViewCell.swift; sourceTree = "<group>"; };
		1782F026235D07BA0082F9CD /* UserDefaults+Settings.swift */ = {isa = PBXFileReference; lastKnownFileType = sourcecode.swift; path = "UserDefaults+Settings.swift"; sourceTree = "<group>"; };
		1782F02A235D0DD90082F9CD /* ServerEntity+CRUD.swift */ = {isa = PBXFileReference; lastKnownFileType = sourcecode.swift; path = "ServerEntity+CRUD.swift"; sourceTree = "<group>"; };
		1782F02C235D1F310082F9CD /* RestAPI.swift */ = {isa = PBXFileReference; lastKnownFileType = sourcecode.swift; path = RestAPI.swift; sourceTree = "<group>"; };
		1782F032235D2BB70082F9CD /* VPNClientNetworkExtension.appex */ = {isa = PBXFileReference; explicitFileType = "wrapper.app-extension"; includeInIndex = 0; path = VPNClientNetworkExtension.appex; sourceTree = BUILT_PRODUCTS_DIR; };
		1782F034235D2BB70082F9CD /* PacketTunnelProvider.swift */ = {isa = PBXFileReference; lastKnownFileType = sourcecode.swift; path = PacketTunnelProvider.swift; sourceTree = "<group>"; };
		1782F036235D2BB70082F9CD /* Info.plist */ = {isa = PBXFileReference; lastKnownFileType = text.plist.xml; path = Info.plist; sourceTree = "<group>"; };
		1782F037235D2BB70082F9CD /* VPNClientNetworkExtension.entitlements */ = {isa = PBXFileReference; lastKnownFileType = text.plist.entitlements; path = VPNClientNetworkExtension.entitlements; sourceTree = "<group>"; };
		1782F03F235D2BEF0082F9CD /* NetworkExtension.framework */ = {isa = PBXFileReference; lastKnownFileType = wrapper.framework; name = NetworkExtension.framework; path = System/Library/Frameworks/NetworkExtension.framework; sourceTree = SDKROOT; };
		1782F041235D2CAE0082F9CD /* VPNClient.entitlements */ = {isa = PBXFileReference; lastKnownFileType = text.plist.entitlements; path = VPNClient.entitlements; sourceTree = "<group>"; };
		17D61E212364BD4100ECAEBE /* ServerItemTableViewCell.xib */ = {isa = PBXFileReference; lastKnownFileType = file.xib; path = ServerItemTableViewCell.xib; sourceTree = "<group>"; };
		17D61E232364C60100ECAEBE /* VersionsDTO.swift */ = {isa = PBXFileReference; lastKnownFileType = sourcecode.swift; path = VersionsDTO.swift; sourceTree = "<group>"; };
		6930C09787686C98BABADA50 /* Pods-VPNClient.debug.xcconfig */ = {isa = PBXFileReference; includeInIndex = 1; lastKnownFileType = text.xcconfig; name = "Pods-VPNClient.debug.xcconfig"; path = "Target Support Files/Pods-VPNClient/Pods-VPNClient.debug.xcconfig"; sourceTree = "<group>"; };
		78360DB624606E7900988F14 /* ConnectionStatusView.swift */ = {isa = PBXFileReference; lastKnownFileType = sourcecode.swift; path = ConnectionStatusView.swift; sourceTree = "<group>"; };
		78360DB82461E33000988F14 /* UIView+Extensions.swift */ = {isa = PBXFileReference; lastKnownFileType = sourcecode.swift; path = "UIView+Extensions.swift"; sourceTree = "<group>"; };
		78360DBB2461E47D00988F14 /* ServerPickerListViewController.swift */ = {isa = PBXFileReference; lastKnownFileType = sourcecode.swift; path = ServerPickerListViewController.swift; sourceTree = "<group>"; };
		78360DC124620B7800988F14 /* CredentialsProviderFactory.swift */ = {isa = PBXFileReference; lastKnownFileType = sourcecode.swift; path = CredentialsProviderFactory.swift; sourceTree = "<group>"; };
		78360DC824620BFA00988F14 /* CredentialsProvider.swift */ = {isa = PBXFileReference; lastKnownFileType = sourcecode.swift; path = CredentialsProvider.swift; sourceTree = "<group>"; };
		78360DCB24620CE300988F14 /* ServerProvider.swift */ = {isa = PBXFileReference; lastKnownFileType = sourcecode.swift; path = ServerProvider.swift; sourceTree = "<group>"; };
		78360DCE24620FD700988F14 /* CredentialsStorage.swift */ = {isa = PBXFileReference; lastKnownFileType = sourcecode.swift; path = CredentialsStorage.swift; sourceTree = "<group>"; };
		78360DD22463474100988F14 /* MainScreenRouter.swift */ = {isa = PBXFileReference; lastKnownFileType = sourcecode.swift; path = MainScreenRouter.swift; sourceTree = "<group>"; };
		78360DD524634B1B00988F14 /* CustomConnectViewModel.swift */ = {isa = PBXFileReference; lastKnownFileType = sourcecode.swift; path = CustomConnectViewModel.swift; sourceTree = "<group>"; };
		78360DD824634B4900988F14 /* AccountVPNUKConnectViewModel.swift */ = {isa = PBXFileReference; lastKnownFileType = sourcecode.swift; path = AccountVPNUKConnectViewModel.swift; sourceTree = "<group>"; };
		78360DDC246354FB00988F14 /* AuthVPNUKConnectView.swift */ = {isa = PBXFileReference; lastKnownFileType = sourcecode.swift; path = AuthVPNUKConnectView.swift; sourceTree = "<group>"; };
		78360DE22463564200988F14 /* AccountVPNUKConnectView.swift */ = {isa = PBXFileReference; lastKnownFileType = sourcecode.swift; path = AccountVPNUKConnectView.swift; sourceTree = "<group>"; };
		78360DE42463565E00988F14 /* AuthVPNUKConnectViewModel.swift */ = {isa = PBXFileReference; lastKnownFileType = sourcecode.swift; path = AuthVPNUKConnectViewModel.swift; sourceTree = "<group>"; };
		78360DE8246356AD00988F14 /* CustomConnectView.swift */ = {isa = PBXFileReference; lastKnownFileType = sourcecode.swift; path = CustomConnectView.swift; sourceTree = "<group>"; };
		78360DEA2463699500988F14 /* ConnectScreenFactory.swift */ = {isa = PBXFileReference; lastKnownFileType = sourcecode.swift; path = ConnectScreenFactory.swift; sourceTree = "<group>"; };
		78360DEC24636CBB00988F14 /* KeychainKeys.swift */ = {isa = PBXFileReference; lastKnownFileType = sourcecode.swift; path = KeychainKeys.swift; sourceTree = "<group>"; };
		78360DEF24636EFC00988F14 /* AuthService.swift */ = {isa = PBXFileReference; lastKnownFileType = sourcecode.swift; path = AuthService.swift; sourceTree = "<group>"; };
		78360DF1246375D400988F14 /* VPNUKConnectRouter.swift */ = {isa = PBXFileReference; lastKnownFileType = sourcecode.swift; path = VPNUKConnectRouter.swift; sourceTree = "<group>"; };
		78360DF32463771800988F14 /* VPNUKConnectFactory.swift */ = {isa = PBXFileReference; lastKnownFileType = sourcecode.swift; path = VPNUKConnectFactory.swift; sourceTree = "<group>"; };
		78360DF72465DE2800988F14 /* MainScreenViewController.swift */ = {isa = PBXFileReference; lastKnownFileType = sourcecode.swift; path = MainScreenViewController.swift; sourceTree = "<group>"; };
		783B35EC244CEF6A00425A9F /* SignUpRequestDTO.swift */ = {isa = PBXFileReference; lastKnownFileType = sourcecode.swift; path = SignUpRequestDTO.swift; sourceTree = "<group>"; };
		783B35EE244CF11C00425A9F /* SignInCredentialsDTO.swift */ = {isa = PBXFileReference; lastKnownFileType = sourcecode.swift; path = SignInCredentialsDTO.swift; sourceTree = "<group>"; };
		783B35F0244CF1D600425A9F /* SignInResponseDTO.swift */ = {isa = PBXFileReference; lastKnownFileType = sourcecode.swift; path = SignInResponseDTO.swift; sourceTree = "<group>"; };
		783B35F3244D00FA00425A9F /* UserService.swift */ = {isa = PBXFileReference; lastKnownFileType = sourcecode.swift; path = UserService.swift; sourceTree = "<group>"; };
		783B35F5244D018500425A9F /* UserData.swift */ = {isa = PBXFileReference; lastKnownFileType = sourcecode.swift; path = UserData.swift; sourceTree = "<group>"; };
		7844C0E324D6C9BB00EF5588 /* InAppPurchasesService.swift */ = {isa = PBXFileReference; lastKnownFileType = sourcecode.swift; path = InAppPurchasesService.swift; sourceTree = "<group>"; };
		7844C0E524D6C9E100EF5588 /* PurchaseProduct.swift */ = {isa = PBXFileReference; lastKnownFileType = sourcecode.swift; path = PurchaseProduct.swift; sourceTree = "<group>"; };
		7844C0E724D6D78700EF5588 /* PurchaseSubscriptionFactory.swift */ = {isa = PBXFileReference; lastKnownFileType = sourcecode.swift; path = PurchaseSubscriptionFactory.swift; sourceTree = "<group>"; };
		7844C0E924D6D79600EF5588 /* PurchaseSubscriptionOfferViewController.swift */ = {isa = PBXFileReference; lastKnownFileType = sourcecode.swift; path = PurchaseSubscriptionOfferViewController.swift; sourceTree = "<group>"; };
		7844C0ED24D7096D00EF5588 /* PurchaseSubscriptionOfferRouter.swift */ = {isa = PBXFileReference; lastKnownFileType = sourcecode.swift; path = PurchaseSubscriptionOfferRouter.swift; sourceTree = "<group>"; };
		7844C0F024D750E000EF5588 /* PurchaseSubscriptionBannerView.swift */ = {isa = PBXFileReference; lastKnownFileType = sourcecode.swift; path = PurchaseSubscriptionBannerView.swift; sourceTree = "<group>"; };
		78461EE82536387A00D01978 /* ConsumableProducts.storekit */ = {isa = PBXFileReference; lastKnownFileType = text; name = ConsumableProducts.storekit; path = VPNClient/Resources/ConsumableProducts.storekit; sourceTree = SOURCE_ROOT; };
		78461EEB25363C1000D01978 /* IAPReceiptDTO.swift */ = {isa = PBXFileReference; lastKnownFileType = sourcecode.swift; path = IAPReceiptDTO.swift; sourceTree = "<group>"; };
		7846416A249E3E1A00F7BA40 /* SubscriptionCreateResponseDTO.swift */ = {isa = PBXFileReference; lastKnownFileType = sourcecode.swift; path = SubscriptionCreateResponseDTO.swift; sourceTree = "<group>"; };
		7846416C249E3E4E00F7BA40 /* SubscriptionDTO.swift */ = {isa = PBXFileReference; lastKnownFileType = sourcecode.swift; path = SubscriptionDTO.swift; sourceTree = "<group>"; };
		7846416E249E42E600F7BA40 /* ServersRepository.swift */ = {isa = PBXFileReference; lastKnownFileType = sourcecode.swift; path = ServersRepository.swift; sourceTree = "<group>"; };
		78464172249E4E6500F7BA40 /* ServerPickerViewModel.swift */ = {isa = PBXFileReference; lastKnownFileType = sourcecode.swift; path = ServerPickerViewModel.swift; sourceTree = "<group>"; };
		7849602724C62ADB00157AB4 /* PurchaseSubscriptionChoosePlanView.swift */ = {isa = PBXFileReference; lastKnownFileType = sourcecode.swift; path = PurchaseSubscriptionChoosePlanView.swift; sourceTree = "<group>"; };
		7849602924C62BD000157AB4 /* PurchaseSubscriptionOptionView.swift */ = {isa = PBXFileReference; lastKnownFileType = sourcecode.swift; path = PurchaseSubscriptionOptionView.swift; sourceTree = "<group>"; };
		7849602B24C6321700157AB4 /* PurchaseSubscriptionPriceView.swift */ = {isa = PBXFileReference; lastKnownFileType = sourcecode.swift; path = PurchaseSubscriptionPriceView.swift; sourceTree = "<group>"; };
		7849602D24C6322400157AB4 /* PurchaseSubscriptionAdvantagesView.swift */ = {isa = PBXFileReference; lastKnownFileType = sourcecode.swift; path = PurchaseSubscriptionAdvantagesView.swift; sourceTree = "<group>"; };
		7849602F24C6323F00157AB4 /* PurchaseSubscriptionTermsAndDetailsView.swift */ = {isa = PBXFileReference; lastKnownFileType = sourcecode.swift; path = PurchaseSubscriptionTermsAndDetailsView.swift; sourceTree = "<group>"; };
		7849603124C6368400157AB4 /* PurchaseSubscriptionOfferViewModel.swift */ = {isa = PBXFileReference; lastKnownFileType = sourcecode.swift; path = PurchaseSubscriptionOfferViewModel.swift; sourceTree = "<group>"; };
		784CEFD324B2620A00D95ED6 /* PickedSubscriptionView.swift */ = {isa = PBXFileReference; lastKnownFileType = sourcecode.swift; path = PickedSubscriptionView.swift; sourceTree = "<group>"; };
		784CEFD524B2624500D95ED6 /* PickedSubscriptionInfoView.swift */ = {isa = PBXFileReference; lastKnownFileType = sourcecode.swift; path = PickedSubscriptionInfoView.swift; sourceTree = "<group>"; };
		784CEFD724B2626100D95ED6 /* PickedSubscriptionDedicatedServerView.swift */ = {isa = PBXFileReference; lastKnownFileType = sourcecode.swift; path = PickedSubscriptionDedicatedServerView.swift; sourceTree = "<group>"; };
		784CEFD924B2627900D95ED6 /* PickedSubscriptionVPNAccountView.swift */ = {isa = PBXFileReference; lastKnownFileType = sourcecode.swift; path = PickedSubscriptionVPNAccountView.swift; sourceTree = "<group>"; };
		784CEFDB24B263BE00D95ED6 /* SubsriptionStatus.swift */ = {isa = PBXFileReference; lastKnownFileType = sourcecode.swift; path = SubsriptionStatus.swift; sourceTree = "<group>"; };
		784CEFDF24B26AC700D95ED6 /* NotPickedSubscriptionView.swift */ = {isa = PBXFileReference; lastKnownFileType = sourcecode.swift; path = NotPickedSubscriptionView.swift; sourceTree = "<group>"; };
		784CEFE124B26B8D00D95ED6 /* SubscriptionPickerView.swift */ = {isa = PBXFileReference; lastKnownFileType = sourcecode.swift; path = SubscriptionPickerView.swift; sourceTree = "<group>"; };
		784CEFE424B26DA000D95ED6 /* SubscriptionsListViewController.swift */ = {isa = PBXFileReference; lastKnownFileType = sourcecode.swift; path = SubscriptionsListViewController.swift; sourceTree = "<group>"; };
		784CEFE624B26DBB00D95ED6 /* VPNAccountsListViewController.swift */ = {isa = PBXFileReference; lastKnownFileType = sourcecode.swift; path = VPNAccountsListViewController.swift; sourceTree = "<group>"; };
		7852466325839A7600CAE94C /* GoogleService-Info.plist */ = {isa = PBXFileReference; fileEncoding = 4; lastKnownFileType = text.plist.xml; path = "GoogleService-Info.plist"; sourceTree = "<group>"; };
		786B8D3024E95956003AE398 /* PurchaseSubscriptionChooseCountryViewModel.swift */ = {isa = PBXFileReference; lastKnownFileType = sourcecode.swift; path = PurchaseSubscriptionChooseCountryViewModel.swift; sourceTree = "<group>"; };
		786B8D3424E99CCD003AE398 /* PurchaseSubscriptionChooseCountryFactory.swift */ = {isa = PBXFileReference; lastKnownFileType = sourcecode.swift; path = PurchaseSubscriptionChooseCountryFactory.swift; sourceTree = "<group>"; };
		786B8D3624E99E43003AE398 /* PurchaseSubscriptionChooseCountryRouter.swift */ = {isa = PBXFileReference; lastKnownFileType = sourcecode.swift; path = PurchaseSubscriptionChooseCountryRouter.swift; sourceTree = "<group>"; };
		78761747257BCD39004EA19B /* RenewPendingSubscriptionViewModel.swift */ = {isa = PBXFileReference; lastKnownFileType = sourcecode.swift; path = RenewPendingSubscriptionViewModel.swift; sourceTree = "<group>"; };
		7876174C257BCF48004EA19B /* PendingSubscriptionOrderDTO.swift */ = {isa = PBXFileReference; lastKnownFileType = sourcecode.swift; path = PendingSubscriptionOrderDTO.swift; sourceTree = "<group>"; };
		78761750257BD89D004EA19B /* RenewPendingSubscriptionFactory.swift */ = {isa = PBXFileReference; lastKnownFileType = sourcecode.swift; path = RenewPendingSubscriptionFactory.swift; sourceTree = "<group>"; };
		78761754257BDB76004EA19B /* SubscriptionConstants.swift */ = {isa = PBXFileReference; lastKnownFileType = sourcecode.swift; path = SubscriptionConstants.swift; sourceTree = "<group>"; };
		7876175C257BEE48004EA19B /* RenewSubscriptionButtonModelBuilder.swift */ = {isa = PBXFileReference; lastKnownFileType = sourcecode.swift; path = RenewSubscriptionButtonModelBuilder.swift; sourceTree = "<group>"; };
		7876178F257BFF39004EA19B /* SKProduct+Price.swift */ = {isa = PBXFileReference; lastKnownFileType = sourcecode.swift; path = "SKProduct+Price.swift"; sourceTree = "<group>"; };
		78914B8924C6291300BE0835 /* PurchaseSubscriptionOfferView.swift */ = {isa = PBXFileReference; lastKnownFileType = sourcecode.swift; path = PurchaseSubscriptionOfferView.swift; sourceTree = "<group>"; };
		789FAD802729ADFF00378CC6 /* Result+Error.swift */ = {isa = PBXFileReference; lastKnownFileType = sourcecode.swift; path = "Result+Error.swift"; sourceTree = "<group>"; };
		78A382B92470878F003AB50B /* LastConnectionStorage.swift */ = {isa = PBXFileReference; lastKnownFileType = sourcecode.swift; path = LastConnectionStorage.swift; sourceTree = "<group>"; };
		78AC52E7257D2AF000D8DFA2 /* Array+Unique.swift */ = {isa = PBXFileReference; lastKnownFileType = sourcecode.swift; path = "Array+Unique.swift"; sourceTree = "<group>"; };
		78B69D9524EC62CB00B4B6BC /* ReceiptResponseEntity.swift */ = {isa = PBXFileReference; lastKnownFileType = sourcecode.swift; path = ReceiptResponseEntity.swift; sourceTree = "<group>"; };
		78B8DDC524B636E7009399C5 /* SubscriptionsListPickerFactory.swift */ = {isa = PBXFileReference; lastKnownFileType = sourcecode.swift; path = SubscriptionsListPickerFactory.swift; sourceTree = "<group>"; };
		78B8DDC824B65086009399C5 /* SubscriptionTableViewCell.swift */ = {isa = PBXFileReference; lastKnownFileType = sourcecode.swift; path = SubscriptionTableViewCell.swift; sourceTree = "<group>"; };
		78B8DDCA24B653BB009399C5 /* VPNAccountTableViewCell.swift */ = {isa = PBXFileReference; lastKnownFileType = sourcecode.swift; path = VPNAccountTableViewCell.swift; sourceTree = "<group>"; };
		78B8DDCC24B662ED009399C5 /* SubscriptionCreateRequestDTO.swift */ = {isa = PBXFileReference; lastKnownFileType = sourcecode.swift; path = SubscriptionCreateRequestDTO.swift; sourceTree = "<group>"; };
		78BEA73125867CE200A5C20D /* AlertUtils.swift */ = {isa = PBXFileReference; lastKnownFileType = sourcecode.swift; path = AlertUtils.swift; sourceTree = "<group>"; };
		78BEA7372586897200A5C20D /* PurchaseSubscriptionTooltipView.swift */ = {isa = PBXFileReference; lastKnownFileType = sourcecode.swift; path = PurchaseSubscriptionTooltipView.swift; sourceTree = "<group>"; };
		78C0491324A7BFE400932E0A /* RegistrationVPNUKConnectViewModel.swift */ = {isa = PBXFileReference; lastKnownFileType = sourcecode.swift; path = RegistrationVPNUKConnectViewModel.swift; sourceTree = "<group>"; };
		78C0491524A7BFFC00932E0A /* RegistrationVPNUKConnectView.swift */ = {isa = PBXFileReference; lastKnownFileType = sourcecode.swift; path = RegistrationVPNUKConnectView.swift; sourceTree = "<group>"; };
		78CC17632725850E00224DA5 /* OpenVPNConfigurationsProvider.swift */ = {isa = PBXFileReference; lastKnownFileType = sourcecode.swift; path = OpenVPNConfigurationsProvider.swift; sourceTree = "<group>"; };
		78CC1766272585E600224DA5 /* UserVPNConnectionSettings.swift */ = {isa = PBXFileReference; lastKnownFileType = sourcecode.swift; path = UserVPNConnectionSettings.swift; sourceTree = "<group>"; };
		78CC17682725AFFB00224DA5 /* ServerUpdatesChecker.swift */ = {isa = PBXFileReference; lastKnownFileType = sourcecode.swift; path = ServerUpdatesChecker.swift; sourceTree = "<group>"; };
		78CC176A2725B92F00224DA5 /* OpenVPNConfigurationRepository.swift */ = {isa = PBXFileReference; lastKnownFileType = sourcecode.swift; path = OpenVPNConfigurationRepository.swift; sourceTree = "<group>"; };
		78FE0A0124672E120004161B /* MainScreenViewModel.swift */ = {isa = PBXFileReference; lastKnownFileType = sourcecode.swift; path = MainScreenViewModel.swift; sourceTree = "<group>"; };
		78FE0A032467329B0004161B /* MainScreenFactory.swift */ = {isa = PBXFileReference; lastKnownFileType = sourcecode.swift; path = MainScreenFactory.swift; sourceTree = "<group>"; };
		78FE0A09246752670004161B /* ServerPickerPickedView.swift */ = {isa = PBXFileReference; lastKnownFileType = sourcecode.swift; path = ServerPickerPickedView.swift; sourceTree = "<group>"; };
		78FE0A0B246752750004161B /* ServerPickerPickedView.xib */ = {isa = PBXFileReference; lastKnownFileType = file.xib; path = ServerPickerPickedView.xib; sourceTree = "<group>"; };
		78FE0A0E24675BF80004161B /* ServerPickerNotPickedView.swift */ = {isa = PBXFileReference; lastKnownFileType = sourcecode.swift; path = ServerPickerNotPickedView.swift; sourceTree = "<group>"; };
		78FE0A1024675DF80004161B /* ServerPickerView.swift */ = {isa = PBXFileReference; lastKnownFileType = sourcecode.swift; path = ServerPickerView.swift; sourceTree = "<group>"; };
		8411DE80B22FB7A88AF01EBF /* Pods_VPNClient.framework */ = {isa = PBXFileReference; explicitFileType = wrapper.framework; includeInIndex = 0; path = Pods_VPNClient.framework; sourceTree = BUILT_PRODUCTS_DIR; };
		87E5941B03938A911B623791 /* Pods-VPNClientNetworkExtension.release.xcconfig */ = {isa = PBXFileReference; includeInIndex = 1; lastKnownFileType = text.xcconfig; name = "Pods-VPNClientNetworkExtension.release.xcconfig"; path = "Target Support Files/Pods-VPNClientNetworkExtension/Pods-VPNClientNetworkExtension.release.xcconfig"; sourceTree = "<group>"; };
		D9D650901D3CDC7F32EC06FA /* Pods-VPNClientNetworkExtension.debug.xcconfig */ = {isa = PBXFileReference; includeInIndex = 1; lastKnownFileType = text.xcconfig; name = "Pods-VPNClientNetworkExtension.debug.xcconfig"; path = "Target Support Files/Pods-VPNClientNetworkExtension/Pods-VPNClientNetworkExtension.debug.xcconfig"; sourceTree = "<group>"; };
		FA02C2A024CD6F4D00D907F2 /* PurchaseSubscriptionChooseCountryView.swift */ = {isa = PBXFileReference; fileEncoding = 4; lastKnownFileType = sourcecode.swift; path = PurchaseSubscriptionChooseCountryView.swift; sourceTree = "<group>"; };
		FA1DB12A24D4AB0F0023880E /* ChooseCountryViewController.swift */ = {isa = PBXFileReference; fileEncoding = 4; lastKnownFileType = sourcecode.swift; path = ChooseCountryViewController.swift; sourceTree = "<group>"; };
		FA53E42224C8B61500E552AB /* Podfile */ = {isa = PBXFileReference; fileEncoding = 4; lastKnownFileType = text; path = Podfile; sourceTree = SOURCE_ROOT; xcLanguageSpecificationIdentifier = xcode.lang.ruby; };
		FA5DCFFD24CC44500017D6F3 /* PurchaseSubscriptionPeriodView.swift */ = {isa = PBXFileReference; fileEncoding = 4; lastKnownFileType = sourcecode.swift; path = PurchaseSubscriptionPeriodView.swift; sourceTree = "<group>"; };
		FA5DCFFF24CC44570017D6F3 /* PurchaseSubscriptionMaxUsersView.swift */ = {isa = PBXFileReference; fileEncoding = 4; lastKnownFileType = sourcecode.swift; path = PurchaseSubscriptionMaxUsersView.swift; sourceTree = "<group>"; };
		FA5DD00124CC44660017D6F3 /* PurchaseSubscriptionChoosePlansView.swift */ = {isa = PBXFileReference; fileEncoding = 4; lastKnownFileType = sourcecode.swift; path = PurchaseSubscriptionChoosePlansView.swift; sourceTree = "<group>"; };
		FA859BD924CED44C002F12E7 /* Style.swift */ = {isa = PBXFileReference; fileEncoding = 4; lastKnownFileType = sourcecode.swift; path = Style.swift; sourceTree = "<group>"; };
/* End PBXFileReference section */

/* Begin PBXFrameworksBuildPhase section */
		1782EFD7235CBF8D0082F9CD /* Frameworks */ = {
			isa = PBXFrameworksBuildPhase;
			buildActionMask = 2147483647;
			files = (
				4A5DF31520B9F03E4A7629CB /* Pods_VPNClient.framework in Frameworks */,
				1782F042235D2CBE0082F9CD /* NetworkExtension.framework in Frameworks */,
			);
			runOnlyForDeploymentPostprocessing = 0;
		};
		1782F02F235D2BB70082F9CD /* Frameworks */ = {
			isa = PBXFrameworksBuildPhase;
			buildActionMask = 2147483647;
			files = (
				1782F040235D2BEF0082F9CD /* NetworkExtension.framework in Frameworks */,
				10A16BAFEB6E574F7EF16304 /* Pods_VPNClientNetworkExtension.framework in Frameworks */,
			);
			runOnlyForDeploymentPostprocessing = 0;
		};
/* End PBXFrameworksBuildPhase section */

/* Begin PBXGroup section */
		1782EFD1235CBF8D0082F9CD = {
			isa = PBXGroup;
			children = (
				1782EFDC235CBF8D0082F9CD /* VPNClient */,
				1782F033235D2BB70082F9CD /* VPNClientNetworkExtension */,
				1782EFDB235CBF8D0082F9CD /* Products */,
				5EAF721E9B977F4AA4EB7FF4 /* Pods */,
				D2B7C2AB42458BA0B697642F /* Frameworks */,
			);
			sourceTree = "<group>";
		};
		1782EFDB235CBF8D0082F9CD /* Products */ = {
			isa = PBXGroup;
			children = (
				1782EFDA235CBF8D0082F9CD /* VPNUK.app */,
				1782F032235D2BB70082F9CD /* VPNClientNetworkExtension.appex */,
			);
			name = Products;
			sourceTree = "<group>";
		};
		1782EFDC235CBF8D0082F9CD /* VPNClient */ = {
			isa = PBXGroup;
			children = (
				7852466325839A7600CAE94C /* GoogleService-Info.plist */,
				78360DB324606DFE00988F14 /* Features */,
				1782F041235D2CAE0082F9CD /* VPNClient.entitlements */,
				1782F025235D07A10082F9CD /* Extensions */,
				1782F019235CE3B70082F9CD /* ViewControllers */,
				1782F011235CC3D10082F9CD /* Constants */,
				1782EFF4235CC0270082F9CD /* Services */,
				78BEA73025867B3200A5C20D /* Helpers */,
				783B35E1244CE31900425A9F /* Resources */,
				1782EFDD235CBF8D0082F9CD /* AppDelegate.swift */,
				1782EFEE235CBF8F0082F9CD /* Info.plist */,
			);
			path = VPNClient;
			sourceTree = "<group>";
		};
		1782EFF4235CC0270082F9CD /* Services */ = {
			isa = PBXGroup;
			children = (
				783B35F2244D00EB00425A9F /* User */,
				1782F00E235CC3A10082F9CD /* VPN */,
				1782EFF5235CC0300082F9CD /* Data */,
				78CC17682725AFFB00224DA5 /* ServerUpdatesChecker.swift */,
			);
			path = Services;
			sourceTree = "<group>";
		};
		1782EFF5235CC0300082F9CD /* Data */ = {
			isa = PBXGroup;
			children = (
				1782EFF7235CC0420082F9CD /* DB */,
				1782EFF6235CC0360082F9CD /* Rest */,
			);
			path = Data;
			sourceTree = "<group>";
		};
		1782EFF6235CC0360082F9CD /* Rest */ = {
			isa = PBXGroup;
			children = (
				783B35EB244CEF5800425A9F /* DTO */,
				1782F02C235D1F310082F9CD /* RestAPI.swift */,
			);
			path = Rest;
			sourceTree = "<group>";
		};
		1782EFF7235CC0420082F9CD /* DB */ = {
			isa = PBXGroup;
			children = (
				1782EFF8235CC06C0082F9CD /* CoreDataStack.swift */,
				7846416E249E42E600F7BA40 /* ServersRepository.swift */,
			);
			path = DB;
			sourceTree = "<group>";
		};
		1782F00E235CC3A10082F9CD /* VPN */ = {
			isa = PBXGroup;
			children = (
				78CC1765272585DC00224DA5 /* OpenVPNConfigurationsProvider */,
				1782F00F235CC3BC0082F9CD /* OpenVPNService.swift */,
				78CC176A2725B92F00224DA5 /* OpenVPNConfigurationRepository.swift */,
			);
			path = VPN;
			sourceTree = "<group>";
		};
		1782F011235CC3D10082F9CD /* Constants */ = {
			isa = PBXGroup;
			children = (
				1782F012235CC3DD0082F9CD /* OpenVPNConstants.swift */,
				78360DEC24636CBB00988F14 /* KeychainKeys.swift */,
			);
			path = Constants;
			sourceTree = "<group>";
		};
		1782F019235CE3B70082F9CD /* ViewControllers */ = {
			isa = PBXGroup;
			children = (
				1782F022235D02300082F9CD /* Cell */,
			);
			path = ViewControllers;
			sourceTree = "<group>";
		};
		1782F022235D02300082F9CD /* Cell */ = {
			isa = PBXGroup;
			children = (
				1782F023235D02AE0082F9CD /* ServerItemTableViewCell.swift */,
				17D61E212364BD4100ECAEBE /* ServerItemTableViewCell.xib */,
			);
			path = Cell;
			sourceTree = "<group>";
		};
		1782F025235D07A10082F9CD /* Extensions */ = {
			isa = PBXGroup;
			children = (
				1782F026235D07BA0082F9CD /* UserDefaults+Settings.swift */,
				1782F02A235D0DD90082F9CD /* ServerEntity+CRUD.swift */,
				78360DB82461E33000988F14 /* UIView+Extensions.swift */,
				78AC52E7257D2AF000D8DFA2 /* Array+Unique.swift */,
				789FAD802729ADFF00378CC6 /* Result+Error.swift */,
			);
			path = Extensions;
			sourceTree = "<group>";
		};
		1782F033235D2BB70082F9CD /* VPNClientNetworkExtension */ = {
			isa = PBXGroup;
			children = (
				1782F034235D2BB70082F9CD /* PacketTunnelProvider.swift */,
				1782F036235D2BB70082F9CD /* Info.plist */,
				1782F037235D2BB70082F9CD /* VPNClientNetworkExtension.entitlements */,
			);
			path = VPNClientNetworkExtension;
			sourceTree = "<group>";
		};
		5EAF721E9B977F4AA4EB7FF4 /* Pods */ = {
			isa = PBXGroup;
			children = (
				FA53E42224C8B61500E552AB /* Podfile */,
				6930C09787686C98BABADA50 /* Pods-VPNClient.debug.xcconfig */,
				01793B1015A841CA6038392C /* Pods-VPNClient.release.xcconfig */,
				D9D650901D3CDC7F32EC06FA /* Pods-VPNClientNetworkExtension.debug.xcconfig */,
				87E5941B03938A911B623791 /* Pods-VPNClientNetworkExtension.release.xcconfig */,
			);
			path = Pods;
			sourceTree = "<group>";
		};
		78360DB324606DFE00988F14 /* Features */ = {
			isa = PBXGroup;
			children = (
				78360DD12463469200988F14 /* Settings */,
				78360DBA2461E46200988F14 /* ServerPicker */,
				78360DB424606E0A00988F14 /* MainScreen */,
			);
			path = Features;
			sourceTree = "<group>";
		};
		78360DB424606E0A00988F14 /* MainScreen */ = {
			isa = PBXGroup;
			children = (
				78A382B824708767003AB50B /* LastConnectionStorage */,
				78360DD724634B2600988F14 /* ConnectScreen */,
				78360DCD24620FB600988F14 /* CredentialsStorage */,
				78360DCA24620CC600988F14 /* Providers */,
				78360DC024620B5800988F14 /* Factory */,
				78360DB524606E1F00988F14 /* Views */,
				78360DD22463474100988F14 /* MainScreenRouter.swift */,
				78FE0A0124672E120004161B /* MainScreenViewModel.swift */,
				78FE0A032467329B0004161B /* MainScreenFactory.swift */,
			);
			path = MainScreen;
			sourceTree = "<group>";
		};
		78360DB524606E1F00988F14 /* Views */ = {
			isa = PBXGroup;
			children = (
				78360DB624606E7900988F14 /* ConnectionStatusView.swift */,
				78360DF72465DE2800988F14 /* MainScreenViewController.swift */,
			);
			path = Views;
			sourceTree = "<group>";
		};
		78360DBA2461E46200988F14 /* ServerPicker */ = {
			isa = PBXGroup;
			children = (
				78360DBD2461E4A500988F14 /* View */,
				78464172249E4E6500F7BA40 /* ServerPickerViewModel.swift */,
			);
			path = ServerPicker;
			sourceTree = "<group>";
		};
		78360DBD2461E4A500988F14 /* View */ = {
			isa = PBXGroup;
			children = (
				78FE0A0D24675BD90004161B /* PickerView */,
				78360DBB2461E47D00988F14 /* ServerPickerListViewController.swift */,
			);
			path = View;
			sourceTree = "<group>";
		};
		78360DC024620B5800988F14 /* Factory */ = {
			isa = PBXGroup;
			children = (
				78360DC124620B7800988F14 /* CredentialsProviderFactory.swift */,
			);
			path = Factory;
			sourceTree = "<group>";
		};
		78360DCA24620CC600988F14 /* Providers */ = {
			isa = PBXGroup;
			children = (
				78360DCB24620CE300988F14 /* ServerProvider.swift */,
				78360DC824620BFA00988F14 /* CredentialsProvider.swift */,
			);
			path = Providers;
			sourceTree = "<group>";
		};
		78360DCD24620FB600988F14 /* CredentialsStorage */ = {
			isa = PBXGroup;
			children = (
				78360DCE24620FD700988F14 /* CredentialsStorage.swift */,
			);
			path = CredentialsStorage;
			sourceTree = "<group>";
		};
		78360DD12463469200988F14 /* Settings */ = {
			isa = PBXGroup;
			children = (
				1782F01E235CF6380082F9CD /* SettingsViewController.swift */,
			);
			path = Settings;
			sourceTree = "<group>";
		};
		78360DD724634B2600988F14 /* ConnectScreen */ = {
			isa = PBXGroup;
			children = (
				78360DE1246355BA00988F14 /* CustomConnect */,
				78360DE0246355A800988F14 /* VPNUKConnect */,
				78360DEA2463699500988F14 /* ConnectScreenFactory.swift */,
			);
			path = ConnectScreen;
			sourceTree = "<group>";
		};
		78360DDE2463555400988F14 /* View */ = {
			isa = PBXGroup;
			children = (
				78360DE22463564200988F14 /* AccountVPNUKConnectView.swift */,
			);
			path = View;
			sourceTree = "<group>";
		};
		78360DDF2463559600988F14 /* ViewModel */ = {
			isa = PBXGroup;
			children = (
				78360DD824634B4900988F14 /* AccountVPNUKConnectViewModel.swift */,
			);
			path = ViewModel;
			sourceTree = "<group>";
		};
		78360DE0246355A800988F14 /* VPNUKConnect */ = {
			isa = PBXGroup;
			children = (
				78914B8824C628DE00BE0835 /* PurchaseSubscription */,
				78C0491224A7BE9900932E0A /* Account */,
				78C0491024A7BE4D00932E0A /* Auth */,
				78360DF1246375D400988F14 /* VPNUKConnectRouter.swift */,
				78360DF32463771800988F14 /* VPNUKConnectFactory.swift */,
			);
			path = VPNUKConnect;
			sourceTree = "<group>";
		};
		78360DE1246355BA00988F14 /* CustomConnect */ = {
			isa = PBXGroup;
			children = (
				78360DE72463569D00988F14 /* View */,
				78360DE62463569600988F14 /* ViewModel */,
			);
			path = CustomConnect;
			sourceTree = "<group>";
		};
		78360DE62463569600988F14 /* ViewModel */ = {
			isa = PBXGroup;
			children = (
				78360DD524634B1B00988F14 /* CustomConnectViewModel.swift */,
			);
			path = ViewModel;
			sourceTree = "<group>";
		};
		78360DE72463569D00988F14 /* View */ = {
			isa = PBXGroup;
			children = (
				78360DE8246356AD00988F14 /* CustomConnectView.swift */,
			);
			path = View;
			sourceTree = "<group>";
		};
		78360DEE24636EE800988F14 /* Service */ = {
			isa = PBXGroup;
			children = (
				78360DEF24636EFC00988F14 /* AuthService.swift */,
			);
			path = Service;
			sourceTree = "<group>";
		};
		783B35E1244CE31900425A9F /* Resources */ = {
			isa = PBXGroup;
			children = (
				78461EE82536387A00D01978 /* ConsumableProducts.storekit */,
				1782EFE6235CBF8D0082F9CD /* VPNClient.xcdatamodeld */,
				1782EFE9235CBF8F0082F9CD /* Assets.xcassets */,
				783B35E2244CE32000425A9F /* Storyboards */,
			);
			path = Resources;
			sourceTree = "<group>";
		};
		783B35E2244CE32000425A9F /* Storyboards */ = {
			isa = PBXGroup;
			children = (
				1782EFE3235CBF8D0082F9CD /* Main.storyboard */,
				1782EFEB235CBF8F0082F9CD /* LaunchScreen.storyboard */,
			);
			path = Storyboards;
			sourceTree = "<group>";
		};
		783B35EB244CEF5800425A9F /* DTO */ = {
			isa = PBXGroup;
			children = (
				78464169249E3DE000F7BA40 /* Servers */,
				78464168249E3DDA00F7BA40 /* Auth */,
				78464167249E3DCF00F7BA40 /* Subscriptions */,
			);
			path = DTO;
			sourceTree = "<group>";
		};
		783B35F2244D00EB00425A9F /* User */ = {
			isa = PBXGroup;
			children = (
				783B35F3244D00FA00425A9F /* UserService.swift */,
				783B35F5244D018500425A9F /* UserData.swift */,
			);
			path = User;
			sourceTree = "<group>";
		};
		7844C0E224D6C9AD00EF5588 /* Service */ = {
			isa = PBXGroup;
			children = (
				7844C0E324D6C9BB00EF5588 /* InAppPurchasesService.swift */,
				7844C0E524D6C9E100EF5588 /* PurchaseProduct.swift */,
				78B69D9524EC62CB00B4B6BC /* ReceiptResponseEntity.swift */,
			);
			path = Service;
			sourceTree = "<group>";
		};
		7844C0EB24D6D94B00EF5588 /* View */ = {
			isa = PBXGroup;
			children = (
				FA1DB12A24D4AB0F0023880E /* ChooseCountryViewController.swift */,
				FA02C2A024CD6F4D00D907F2 /* PurchaseSubscriptionChooseCountryView.swift */,
			);
			path = View;
			sourceTree = "<group>";
		};
		7844C0EC24D6D97E00EF5588 /* SubscriptionOffer */ = {
			isa = PBXGroup;
			children = (
				7844C0E924D6D79600EF5588 /* PurchaseSubscriptionOfferViewController.swift */,
				FA859BD924CED44C002F12E7 /* Style.swift */,
				78914B8924C6291300BE0835 /* PurchaseSubscriptionOfferView.swift */,
				7849602724C62ADB00157AB4 /* PurchaseSubscriptionChoosePlanView.swift */,
				7849602924C62BD000157AB4 /* PurchaseSubscriptionOptionView.swift */,
				FA5DCFFD24CC44500017D6F3 /* PurchaseSubscriptionPeriodView.swift */,
				FA5DD00124CC44660017D6F3 /* PurchaseSubscriptionChoosePlansView.swift */,
				FA5DCFFF24CC44570017D6F3 /* PurchaseSubscriptionMaxUsersView.swift */,
				7849602B24C6321700157AB4 /* PurchaseSubscriptionPriceView.swift */,
				7849602D24C6322400157AB4 /* PurchaseSubscriptionAdvantagesView.swift */,
				7849602F24C6323F00157AB4 /* PurchaseSubscriptionTermsAndDetailsView.swift */,
				78BEA7372586897200A5C20D /* PurchaseSubscriptionTooltipView.swift */,
			);
			path = SubscriptionOffer;
			sourceTree = "<group>";
		};
		7844C0EF24D750C200EF5588 /* PurchaseBanner */ = {
			isa = PBXGroup;
			children = (
				7844C0F024D750E000EF5588 /* PurchaseSubscriptionBannerView.swift */,
			);
			path = PurchaseBanner;
			sourceTree = "<group>";
		};
		78464167249E3DCF00F7BA40 /* Subscriptions */ = {
			isa = PBXGroup;
			children = (
				7846416A249E3E1A00F7BA40 /* SubscriptionCreateResponseDTO.swift */,
				7846416C249E3E4E00F7BA40 /* SubscriptionDTO.swift */,
				784CEFDB24B263BE00D95ED6 /* SubsriptionStatus.swift */,
				78B8DDCC24B662ED009399C5 /* SubscriptionCreateRequestDTO.swift */,
				78461EEB25363C1000D01978 /* IAPReceiptDTO.swift */,
				7876174C257BCF48004EA19B /* PendingSubscriptionOrderDTO.swift */,
			);
			path = Subscriptions;
			sourceTree = "<group>";
		};
		78464168249E3DDA00F7BA40 /* Auth */ = {
			isa = PBXGroup;
			children = (
				783B35EC244CEF6A00425A9F /* SignUpRequestDTO.swift */,
				783B35EE244CF11C00425A9F /* SignInCredentialsDTO.swift */,
				783B35F0244CF1D600425A9F /* SignInResponseDTO.swift */,
			);
			path = Auth;
			sourceTree = "<group>";
		};
		78464169249E3DE000F7BA40 /* Servers */ = {
			isa = PBXGroup;
			children = (
				1782F016235CC70C0082F9CD /* ServerDto.swift */,
				17D61E232364C60100ECAEBE /* VersionsDTO.swift */,
			);
			path = Servers;
			sourceTree = "<group>";
		};
		784CEFD224B261DE00D95ED6 /* SubscriptionPicker */ = {
			isa = PBXGroup;
			children = (
				78B8DDC724B6506E009399C5 /* Cell */,
				784CEFDE24B2686B00D95ED6 /* NotPicked */,
				784CEFDD24B2685E00D95ED6 /* Picked */,
				784CEFE124B26B8D00D95ED6 /* SubscriptionPickerView.swift */,
				784CEFE424B26DA000D95ED6 /* SubscriptionsListViewController.swift */,
				784CEFE624B26DBB00D95ED6 /* VPNAccountsListViewController.swift */,
				78B8DDC524B636E7009399C5 /* SubscriptionsListPickerFactory.swift */,
			);
			path = SubscriptionPicker;
			sourceTree = "<group>";
		};
		784CEFDD24B2685E00D95ED6 /* Picked */ = {
			isa = PBXGroup;
			children = (
				784CEFD324B2620A00D95ED6 /* PickedSubscriptionView.swift */,
				784CEFD524B2624500D95ED6 /* PickedSubscriptionInfoView.swift */,
				784CEFD724B2626100D95ED6 /* PickedSubscriptionDedicatedServerView.swift */,
				784CEFD924B2627900D95ED6 /* PickedSubscriptionVPNAccountView.swift */,
			);
			path = Picked;
			sourceTree = "<group>";
		};
		784CEFDE24B2686B00D95ED6 /* NotPicked */ = {
			isa = PBXGroup;
			children = (
				784CEFDF24B26AC700D95ED6 /* NotPickedSubscriptionView.swift */,
			);
			path = NotPicked;
			sourceTree = "<group>";
		};
		786B8D3224E95A14003AE398 /* SubscriptionOffer */ = {
			isa = PBXGroup;
			children = (
				78761759257BED98004EA19B /* PurchaseTrial */,
				78761758257BED92004EA19B /* Renew */,
				78914B8B24C629EC00BE0835 /* View */,
				78761754257BDB76004EA19B /* SubscriptionConstants.swift */,
				7876178F257BFF39004EA19B /* SKProduct+Price.swift */,
			);
			path = SubscriptionOffer;
			sourceTree = "<group>";
		};
		786B8D3324E95A20003AE398 /* ChooseCountry */ = {
			isa = PBXGroup;
			children = (
				7844C0EB24D6D94B00EF5588 /* View */,
				786B8D3024E95956003AE398 /* PurchaseSubscriptionChooseCountryViewModel.swift */,
				786B8D3424E99CCD003AE398 /* PurchaseSubscriptionChooseCountryFactory.swift */,
				786B8D3624E99E43003AE398 /* PurchaseSubscriptionChooseCountryRouter.swift */,
			);
			path = ChooseCountry;
			sourceTree = "<group>";
		};
		78761758257BED92004EA19B /* Renew */ = {
			isa = PBXGroup;
			children = (
				78761747257BCD39004EA19B /* RenewPendingSubscriptionViewModel.swift */,
				78761750257BD89D004EA19B /* RenewPendingSubscriptionFactory.swift */,
				7876175C257BEE48004EA19B /* RenewSubscriptionButtonModelBuilder.swift */,
			);
			path = Renew;
			sourceTree = "<group>";
		};
		78761759257BED98004EA19B /* PurchaseTrial */ = {
			isa = PBXGroup;
			children = (
				7844C0ED24D7096D00EF5588 /* PurchaseSubscriptionOfferRouter.swift */,
				7844C0E724D6D78700EF5588 /* PurchaseSubscriptionFactory.swift */,
				7849603124C6368400157AB4 /* PurchaseSubscriptionOfferViewModel.swift */,
			);
			path = PurchaseTrial;
			sourceTree = "<group>";
		};
		78914B8824C628DE00BE0835 /* PurchaseSubscription */ = {
			isa = PBXGroup;
			children = (
				786B8D3324E95A20003AE398 /* ChooseCountry */,
				786B8D3224E95A14003AE398 /* SubscriptionOffer */,
				7844C0E224D6C9AD00EF5588 /* Service */,
			);
			path = PurchaseSubscription;
			sourceTree = "<group>";
		};
		78914B8B24C629EC00BE0835 /* View */ = {
			isa = PBXGroup;
			children = (
				7844C0EF24D750C200EF5588 /* PurchaseBanner */,
				7844C0EC24D6D97E00EF5588 /* SubscriptionOffer */,
			);
			path = View;
			sourceTree = "<group>";
		};
		789EABB224A3AFF30076C708 /* View */ = {
			isa = PBXGroup;
			children = (
				78360DDC246354FB00988F14 /* AuthVPNUKConnectView.swift */,
				78C0491524A7BFFC00932E0A /* RegistrationVPNUKConnectView.swift */,
			);
			path = View;
			sourceTree = "<group>";
		};
		78A382B824708767003AB50B /* LastConnectionStorage */ = {
			isa = PBXGroup;
			children = (
				78A382B92470878F003AB50B /* LastConnectionStorage.swift */,
			);
			path = LastConnectionStorage;
			sourceTree = "<group>";
		};
		78B8DDC724B6506E009399C5 /* Cell */ = {
			isa = PBXGroup;
			children = (
				78B8DDC824B65086009399C5 /* SubscriptionTableViewCell.swift */,
				78B8DDCA24B653BB009399C5 /* VPNAccountTableViewCell.swift */,
			);
			path = Cell;
			sourceTree = "<group>";
		};
		78BEA73025867B3200A5C20D /* Helpers */ = {
			isa = PBXGroup;
			children = (
				78BEA73125867CE200A5C20D /* AlertUtils.swift */,
			);
			path = Helpers;
			sourceTree = "<group>";
		};
		78C0491024A7BE4D00932E0A /* Auth */ = {
			isa = PBXGroup;
			children = (
				78C0491124A7BE8400932E0A /* ViewModel */,
				789EABB224A3AFF30076C708 /* View */,
				78360DEE24636EE800988F14 /* Service */,
			);
			path = Auth;
			sourceTree = "<group>";
		};
		78C0491124A7BE8400932E0A /* ViewModel */ = {
			isa = PBXGroup;
			children = (
				78360DE42463565E00988F14 /* AuthVPNUKConnectViewModel.swift */,
				78C0491324A7BFE400932E0A /* RegistrationVPNUKConnectViewModel.swift */,
			);
			path = ViewModel;
			sourceTree = "<group>";
		};
		78C0491224A7BE9900932E0A /* Account */ = {
			isa = PBXGroup;
			children = (
				784CEFD224B261DE00D95ED6 /* SubscriptionPicker */,
				78360DDF2463559600988F14 /* ViewModel */,
				78360DDE2463555400988F14 /* View */,
			);
			path = Account;
			sourceTree = "<group>";
		};
		78CC1765272585DC00224DA5 /* OpenVPNConfigurationsProvider */ = {
			isa = PBXGroup;
			children = (
				78CC17632725850E00224DA5 /* OpenVPNConfigurationsProvider.swift */,
				78CC1766272585E600224DA5 /* UserVPNConnectionSettings.swift */,
			);
			path = OpenVPNConfigurationsProvider;
			sourceTree = "<group>";
		};
		78FE0A0D24675BD90004161B /* PickerView */ = {
			isa = PBXGroup;
			children = (
				78FE0A09246752670004161B /* ServerPickerPickedView.swift */,
				78FE0A0B246752750004161B /* ServerPickerPickedView.xib */,
				78FE0A0E24675BF80004161B /* ServerPickerNotPickedView.swift */,
				78FE0A1024675DF80004161B /* ServerPickerView.swift */,
			);
			path = PickerView;
			sourceTree = "<group>";
		};
		D2B7C2AB42458BA0B697642F /* Frameworks */ = {
			isa = PBXGroup;
			children = (
				1782F03F235D2BEF0082F9CD /* NetworkExtension.framework */,
				8411DE80B22FB7A88AF01EBF /* Pods_VPNClient.framework */,
				0CD297D895FE5A9A1E2595F2 /* Pods_VPNClientNetworkExtension.framework */,
			);
			name = Frameworks;
			sourceTree = "<group>";
		};
/* End PBXGroup section */

/* Begin PBXNativeTarget section */
		1782EFD9235CBF8D0082F9CD /* VPNClient */ = {
			isa = PBXNativeTarget;
			buildConfigurationList = 1782EFF1235CBF8F0082F9CD /* Build configuration list for PBXNativeTarget "VPNClient" */;
			buildPhases = (
				CC2E9502A33CCF3221430D43 /* [CP] Check Pods Manifest.lock */,
				1782EFD6235CBF8D0082F9CD /* Sources */,
				1782EFD7235CBF8D0082F9CD /* Frameworks */,
				1782EFD8235CBF8D0082F9CD /* Resources */,
				5E93D0F6FC6951F832077413 /* [CP] Embed Pods Frameworks */,
				1782F03E235D2BB70082F9CD /* Embed App Extensions */,
				171067622381871100A72FDE /* ShellScript */,
			);
			buildRules = (
			);
			dependencies = (
				1782F039235D2BB70082F9CD /* PBXTargetDependency */,
			);
			name = VPNClient;
			productName = VPNClient;
			productReference = 1782EFDA235CBF8D0082F9CD /* VPNUK.app */;
			productType = "com.apple.product-type.application";
		};
		1782F031235D2BB70082F9CD /* VPNClientNetworkExtension */ = {
			isa = PBXNativeTarget;
			buildConfigurationList = 1782F03B235D2BB70082F9CD /* Build configuration list for PBXNativeTarget "VPNClientNetworkExtension" */;
			buildPhases = (
				EBDE23E7A10F5C1028E6F401 /* [CP] Check Pods Manifest.lock */,
				1782F02E235D2BB70082F9CD /* Sources */,
				1782F02F235D2BB70082F9CD /* Frameworks */,
				1782F030235D2BB70082F9CD /* Resources */,
			);
			buildRules = (
			);
			dependencies = (
			);
			name = VPNClientNetworkExtension;
			productName = VPNClientNetworkExtension;
			productReference = 1782F032235D2BB70082F9CD /* VPNClientNetworkExtension.appex */;
			productType = "com.apple.product-type.app-extension";
		};
/* End PBXNativeTarget section */

/* Begin PBXProject section */
		1782EFD2235CBF8D0082F9CD /* Project object */ = {
			isa = PBXProject;
			attributes = {
				LastSwiftUpdateCheck = 1100;
				LastUpgradeCheck = 1100;
				ORGANIZATIONNAME = VPNUK;
				TargetAttributes = {
					1782EFD9235CBF8D0082F9CD = {
						CreatedOnToolsVersion = 11.0;
					};
					1782F031235D2BB70082F9CD = {
						CreatedOnToolsVersion = 11.0;
					};
				};
			};
			buildConfigurationList = 1782EFD5235CBF8D0082F9CD /* Build configuration list for PBXProject "VPNClient" */;
			compatibilityVersion = "Xcode 9.3";
			developmentRegion = en;
			hasScannedForEncodings = 0;
			knownRegions = (
				en,
				Base,
			);
			mainGroup = 1782EFD1235CBF8D0082F9CD;
			productRefGroup = 1782EFDB235CBF8D0082F9CD /* Products */;
			projectDirPath = "";
			projectRoot = "";
			targets = (
				1782EFD9235CBF8D0082F9CD /* VPNClient */,
				1782F031235D2BB70082F9CD /* VPNClientNetworkExtension */,
			);
		};
/* End PBXProject section */

/* Begin PBXResourcesBuildPhase section */
		1782EFD8235CBF8D0082F9CD /* Resources */ = {
			isa = PBXResourcesBuildPhase;
			buildActionMask = 2147483647;
			files = (
				1782EFED235CBF8F0082F9CD /* LaunchScreen.storyboard in Resources */,
				17D61E222364BD4100ECAEBE /* ServerItemTableViewCell.xib in Resources */,
				78FE0A0C246752750004161B /* ServerPickerPickedView.xib in Resources */,
				1782EFEA235CBF8F0082F9CD /* Assets.xcassets in Resources */,
				FA53E42324C8B61500E552AB /* Podfile in Resources */,
				1782EFE5235CBF8D0082F9CD /* Main.storyboard in Resources */,
				7852466425839A7600CAE94C /* GoogleService-Info.plist in Resources */,
			);
			runOnlyForDeploymentPostprocessing = 0;
		};
		1782F030235D2BB70082F9CD /* Resources */ = {
			isa = PBXResourcesBuildPhase;
			buildActionMask = 2147483647;
			files = (
				FA53E42424C8B61500E552AB /* Podfile in Resources */,
				7852466525839A7600CAE94C /* GoogleService-Info.plist in Resources */,
			);
			runOnlyForDeploymentPostprocessing = 0;
		};
/* End PBXResourcesBuildPhase section */

/* Begin PBXShellScriptBuildPhase section */
		171067622381871100A72FDE /* ShellScript */ = {
			isa = PBXShellScriptBuildPhase;
			buildActionMask = 2147483647;
			files = (
			);
			inputFileListPaths = (
			);
			inputPaths = (
				"${DWARF_DSYM_FOLDER_PATH}/${DWARF_DSYM_FILE_NAME}/Contents/Resources/DWARF/${TARGET_NAME}",
				"$(SRCROOT)/$(BUILT_PRODUCTS_DIR)/$(INFOPLIST_PATH)",
			);
			outputFileListPaths = (
			);
			outputPaths = (
			);
			runOnlyForDeploymentPostprocessing = 0;
			shellPath = /bin/sh;
			shellScript = "\"${PODS_ROOT}/FirebaseCrashlytics/run\"\n";
		};
		5E93D0F6FC6951F832077413 /* [CP] Embed Pods Frameworks */ = {
			isa = PBXShellScriptBuildPhase;
			buildActionMask = 2147483647;
			files = (
			);
			inputFileListPaths = (
				"${PODS_ROOT}/Target Support Files/Pods-VPNClient/Pods-VPNClient-frameworks-${CONFIGURATION}-input-files.xcfilelist",
			);
			name = "[CP] Embed Pods Frameworks";
			outputFileListPaths = (
				"${PODS_ROOT}/Target Support Files/Pods-VPNClient/Pods-VPNClient-frameworks-${CONFIGURATION}-output-files.xcfilelist",
			);
			runOnlyForDeploymentPostprocessing = 0;
			shellPath = /bin/sh;
			shellScript = "\"${PODS_ROOT}/Target Support Files/Pods-VPNClient/Pods-VPNClient-frameworks.sh\"\n";
			showEnvVarsInLog = 0;
		};
		CC2E9502A33CCF3221430D43 /* [CP] Check Pods Manifest.lock */ = {
			isa = PBXShellScriptBuildPhase;
			buildActionMask = 2147483647;
			files = (
			);
			inputFileListPaths = (
			);
			inputPaths = (
				"${PODS_PODFILE_DIR_PATH}/Podfile.lock",
				"${PODS_ROOT}/Manifest.lock",
			);
			name = "[CP] Check Pods Manifest.lock";
			outputFileListPaths = (
			);
			outputPaths = (
				"$(DERIVED_FILE_DIR)/Pods-VPNClient-checkManifestLockResult.txt",
			);
			runOnlyForDeploymentPostprocessing = 0;
			shellPath = /bin/sh;
			shellScript = "diff \"${PODS_PODFILE_DIR_PATH}/Podfile.lock\" \"${PODS_ROOT}/Manifest.lock\" > /dev/null\nif [ $? != 0 ] ; then\n    # print error to STDERR\n    echo \"error: The sandbox is not in sync with the Podfile.lock. Run 'pod install' or update your CocoaPods installation.\" >&2\n    exit 1\nfi\n# This output is used by Xcode 'outputs' to avoid re-running this script phase.\necho \"SUCCESS\" > \"${SCRIPT_OUTPUT_FILE_0}\"\n";
			showEnvVarsInLog = 0;
		};
		EBDE23E7A10F5C1028E6F401 /* [CP] Check Pods Manifest.lock */ = {
			isa = PBXShellScriptBuildPhase;
			buildActionMask = 2147483647;
			files = (
			);
			inputFileListPaths = (
			);
			inputPaths = (
				"${PODS_PODFILE_DIR_PATH}/Podfile.lock",
				"${PODS_ROOT}/Manifest.lock",
			);
			name = "[CP] Check Pods Manifest.lock";
			outputFileListPaths = (
			);
			outputPaths = (
				"$(DERIVED_FILE_DIR)/Pods-VPNClientNetworkExtension-checkManifestLockResult.txt",
			);
			runOnlyForDeploymentPostprocessing = 0;
			shellPath = /bin/sh;
			shellScript = "diff \"${PODS_PODFILE_DIR_PATH}/Podfile.lock\" \"${PODS_ROOT}/Manifest.lock\" > /dev/null\nif [ $? != 0 ] ; then\n    # print error to STDERR\n    echo \"error: The sandbox is not in sync with the Podfile.lock. Run 'pod install' or update your CocoaPods installation.\" >&2\n    exit 1\nfi\n# This output is used by Xcode 'outputs' to avoid re-running this script phase.\necho \"SUCCESS\" > \"${SCRIPT_OUTPUT_FILE_0}\"\n";
			showEnvVarsInLog = 0;
		};
/* End PBXShellScriptBuildPhase section */

/* Begin PBXSourcesBuildPhase section */
		1782EFD6235CBF8D0082F9CD /* Sources */ = {
			isa = PBXSourcesBuildPhase;
			buildActionMask = 2147483647;
			files = (
				784CEFD424B2620A00D95ED6 /* PickedSubscriptionView.swift in Sources */,
				784CEFE024B26AC700D95ED6 /* NotPickedSubscriptionView.swift in Sources */,
				FA5DD00224CC44660017D6F3 /* PurchaseSubscriptionChoosePlansView.swift in Sources */,
				78B8DDC924B65086009399C5 /* SubscriptionTableViewCell.swift in Sources */,
				1782EFE8235CBF8D0082F9CD /* VPNClient.xcdatamodeld in Sources */,
				784CEFE524B26DA000D95ED6 /* SubscriptionsListViewController.swift in Sources */,
				78FE0A0224672E120004161B /* MainScreenViewModel.swift in Sources */,
				1782F013235CC3DD0082F9CD /* OpenVPNConstants.swift in Sources */,
				786B8D3524E99CCD003AE398 /* PurchaseSubscriptionChooseCountryFactory.swift in Sources */,
				78464173249E4E6500F7BA40 /* ServerPickerViewModel.swift in Sources */,
				78360DCF24620FD700988F14 /* CredentialsStorage.swift in Sources */,
				78A382BA2470878F003AB50B /* LastConnectionStorage.swift in Sources */,
				7849602824C62ADB00157AB4 /* PurchaseSubscriptionChoosePlanView.swift in Sources */,
				1782F02D235D1F310082F9CD /* RestAPI.swift in Sources */,
				78360DC924620BFA00988F14 /* CredentialsProvider.swift in Sources */,
				78761751257BD89D004EA19B /* RenewPendingSubscriptionFactory.swift in Sources */,
				FA5DCFFE24CC44500017D6F3 /* PurchaseSubscriptionPeriodView.swift in Sources */,
				1782F024235D02AE0082F9CD /* ServerItemTableViewCell.swift in Sources */,
				1782F010235CC3BC0082F9CD /* OpenVPNService.swift in Sources */,
				FA1DB12B24D4AB0F0023880E /* ChooseCountryViewController.swift in Sources */,
				78914B8A24C6291300BE0835 /* PurchaseSubscriptionOfferView.swift in Sources */,
				FA5DD00024CC44570017D6F3 /* PurchaseSubscriptionMaxUsersView.swift in Sources */,
				78FE0A0F24675BF80004161B /* ServerPickerNotPickedView.swift in Sources */,
				78761790257BFF39004EA19B /* SKProduct+Price.swift in Sources */,
				78FE0A042467329B0004161B /* MainScreenFactory.swift in Sources */,
				7849602C24C6321700157AB4 /* PurchaseSubscriptionPriceView.swift in Sources */,
				78B8DDC624B636E7009399C5 /* SubscriptionsListPickerFactory.swift in Sources */,
				784CEFE224B26B8D00D95ED6 /* SubscriptionPickerView.swift in Sources */,
				1782EFDE235CBF8D0082F9CD /* AppDelegate.swift in Sources */,
				789FAD812729ADFF00378CC6 /* Result+Error.swift in Sources */,
				784CEFDC24B263BE00D95ED6 /* SubsriptionStatus.swift in Sources */,
				78360DCC24620CE300988F14 /* ServerProvider.swift in Sources */,
				783B35F4244D00FA00425A9F /* UserService.swift in Sources */,
				783B35F1244CF1D600425A9F /* SignInResponseDTO.swift in Sources */,
				7876175D257BEE48004EA19B /* RenewSubscriptionButtonModelBuilder.swift in Sources */,
				78360DBC2461E47D00988F14 /* ServerPickerListViewController.swift in Sources */,
				784CEFDA24B2627900D95ED6 /* PickedSubscriptionVPNAccountView.swift in Sources */,
				78FE0A1124675DF80004161B /* ServerPickerView.swift in Sources */,
				1782F027235D07BA0082F9CD /* UserDefaults+Settings.swift in Sources */,
				7844C0E824D6D78700EF5588 /* PurchaseSubscriptionFactory.swift in Sources */,
				78761755257BDB76004EA19B /* SubscriptionConstants.swift in Sources */,
				78B8DDCD24B662ED009399C5 /* SubscriptionCreateRequestDTO.swift in Sources */,
				78FE0A0A246752670004161B /* ServerPickerPickedView.swift in Sources */,
				7846416B249E3E1A00F7BA40 /* SubscriptionCreateResponseDTO.swift in Sources */,
				78C0491624A7BFFC00932E0A /* RegistrationVPNUKConnectView.swift in Sources */,
				78360DE32463564200988F14 /* AccountVPNUKConnectView.swift in Sources */,
				78761748257BCD39004EA19B /* RenewPendingSubscriptionViewModel.swift in Sources */,
				78CC1767272585E600224DA5 /* UserVPNConnectionSettings.swift in Sources */,
				7844C0EE24D7096D00EF5588 /* PurchaseSubscriptionOfferRouter.swift in Sources */,
				78360DF2246375D400988F14 /* VPNUKConnectRouter.swift in Sources */,
				7849602E24C6322400157AB4 /* PurchaseSubscriptionAdvantagesView.swift in Sources */,
				1782F017235CC70C0082F9CD /* ServerDto.swift in Sources */,
				78CC176B2725B92F00224DA5 /* OpenVPNConfigurationRepository.swift in Sources */,
				7849603024C6323F00157AB4 /* PurchaseSubscriptionTermsAndDetailsView.swift in Sources */,
				78360DE9246356AD00988F14 /* CustomConnectView.swift in Sources */,
				7844C0E624D6C9E100EF5588 /* PurchaseProduct.swift in Sources */,
				78360DC224620B7800988F14 /* CredentialsProviderFactory.swift in Sources */,
				784CEFD824B2626100D95ED6 /* PickedSubscriptionDedicatedServerView.swift in Sources */,
				7849603224C6368400157AB4 /* PurchaseSubscriptionOfferViewModel.swift in Sources */,
				7844C0E424D6C9BB00EF5588 /* InAppPurchasesService.swift in Sources */,
				786B8D3124E95956003AE398 /* PurchaseSubscriptionChooseCountryViewModel.swift in Sources */,
				7876174D257BCF48004EA19B /* PendingSubscriptionOrderDTO.swift in Sources */,
				78360DD32463474100988F14 /* MainScreenRouter.swift in Sources */,
				78360DDD246354FB00988F14 /* AuthVPNUKConnectView.swift in Sources */,
				78360DF82465DE2800988F14 /* MainScreenViewController.swift in Sources */,
				78461EEC25363C1000D01978 /* IAPReceiptDTO.swift in Sources */,
				17D61E242364C60100ECAEBE /* VersionsDTO.swift in Sources */,
				FA859BDA24CED44C002F12E7 /* Style.swift in Sources */,
				78CC17642725850E00224DA5 /* OpenVPNConfigurationsProvider.swift in Sources */,
				78BEA7382586897200A5C20D /* PurchaseSubscriptionTooltipView.swift in Sources */,
				1782EFF9235CC06C0082F9CD /* CoreDataStack.swift in Sources */,
				78360DD624634B1B00988F14 /* CustomConnectViewModel.swift in Sources */,
				7844C0F124D750E000EF5588 /* PurchaseSubscriptionBannerView.swift in Sources */,
				78B69D9624EC62CB00B4B6BC /* ReceiptResponseEntity.swift in Sources */,
				78B8DDCB24B653BB009399C5 /* VPNAccountTableViewCell.swift in Sources */,
				78360DF024636EFC00988F14 /* AuthService.swift in Sources */,
				784CEFD624B2624500D95ED6 /* PickedSubscriptionInfoView.swift in Sources */,
				1782F02B235D0DD90082F9CD /* ServerEntity+CRUD.swift in Sources */,
				78360DED24636CBB00988F14 /* KeychainKeys.swift in Sources */,
				78C0491424A7BFE400932E0A /* RegistrationVPNUKConnectViewModel.swift in Sources */,
				786B8D3724E99E43003AE398 /* PurchaseSubscriptionChooseCountryRouter.swift in Sources */,
				78360DB92461E33000988F14 /* UIView+Extensions.swift in Sources */,
				78CC17692725AFFB00224DA5 /* ServerUpdatesChecker.swift in Sources */,
				78AC52E8257D2AF000D8DFA2 /* Array+Unique.swift in Sources */,
				784CEFE724B26DBB00D95ED6 /* VPNAccountsListViewController.swift in Sources */,
				783B35F6244D018500425A9F /* UserData.swift in Sources */,
				78360DE52463565E00988F14 /* AuthVPNUKConnectViewModel.swift in Sources */,
				78360DEB2463699500988F14 /* ConnectScreenFactory.swift in Sources */,
				FA02C2A124CD6F4D00D907F2 /* PurchaseSubscriptionChooseCountryView.swift in Sources */,
				783B35EF244CF11C00425A9F /* SignInCredentialsDTO.swift in Sources */,
				7846416F249E42E600F7BA40 /* ServersRepository.swift in Sources */,
				78360DF42463771800988F14 /* VPNUKConnectFactory.swift in Sources */,
				7846416D249E3E4E00F7BA40 /* SubscriptionDTO.swift in Sources */,
				783B35ED244CEF6A00425A9F /* SignUpRequestDTO.swift in Sources */,
				1782F01F235CF6380082F9CD /* SettingsViewController.swift in Sources */,
				78360DB724606E7900988F14 /* ConnectionStatusView.swift in Sources */,
				78BEA73225867CE200A5C20D /* AlertUtils.swift in Sources */,
				7844C0EA24D6D79600EF5588 /* PurchaseSubscriptionOfferViewController.swift in Sources */,
				78360DD924634B4900988F14 /* AccountVPNUKConnectViewModel.swift in Sources */,
				7849602A24C62BD000157AB4 /* PurchaseSubscriptionOptionView.swift in Sources */,
			);
			runOnlyForDeploymentPostprocessing = 0;
		};
		1782F02E235D2BB70082F9CD /* Sources */ = {
			isa = PBXSourcesBuildPhase;
			buildActionMask = 2147483647;
			files = (
				1782F035235D2BB70082F9CD /* PacketTunnelProvider.swift in Sources */,
			);
			runOnlyForDeploymentPostprocessing = 0;
		};
/* End PBXSourcesBuildPhase section */

/* Begin PBXTargetDependency section */
		1782F039235D2BB70082F9CD /* PBXTargetDependency */ = {
			isa = PBXTargetDependency;
			target = 1782F031235D2BB70082F9CD /* VPNClientNetworkExtension */;
			targetProxy = 1782F038235D2BB70082F9CD /* PBXContainerItemProxy */;
		};
/* End PBXTargetDependency section */

/* Begin PBXVariantGroup section */
		1782EFE3235CBF8D0082F9CD /* Main.storyboard */ = {
			isa = PBXVariantGroup;
			children = (
				1782EFE4235CBF8D0082F9CD /* Base */,
			);
			name = Main.storyboard;
			sourceTree = "<group>";
		};
		1782EFEB235CBF8F0082F9CD /* LaunchScreen.storyboard */ = {
			isa = PBXVariantGroup;
			children = (
				1782EFEC235CBF8F0082F9CD /* Base */,
			);
			name = LaunchScreen.storyboard;
			sourceTree = "<group>";
		};
/* End PBXVariantGroup section */

/* Begin XCBuildConfiguration section */
		1782EFEF235CBF8F0082F9CD /* Debug */ = {
			isa = XCBuildConfiguration;
			buildSettings = {
				ALWAYS_SEARCH_USER_PATHS = NO;
				CLANG_ANALYZER_NONNULL = YES;
				CLANG_ANALYZER_NUMBER_OBJECT_CONVERSION = YES_AGGRESSIVE;
				CLANG_CXX_LANGUAGE_STANDARD = "gnu++14";
				CLANG_CXX_LIBRARY = "libc++";
				CLANG_ENABLE_MODULES = YES;
				CLANG_ENABLE_OBJC_ARC = YES;
				CLANG_ENABLE_OBJC_WEAK = YES;
				CLANG_WARN_BLOCK_CAPTURE_AUTORELEASING = YES;
				CLANG_WARN_BOOL_CONVERSION = YES;
				CLANG_WARN_COMMA = YES;
				CLANG_WARN_CONSTANT_CONVERSION = YES;
				CLANG_WARN_DEPRECATED_OBJC_IMPLEMENTATIONS = YES;
				CLANG_WARN_DIRECT_OBJC_ISA_USAGE = YES_ERROR;
				CLANG_WARN_DOCUMENTATION_COMMENTS = YES;
				CLANG_WARN_EMPTY_BODY = YES;
				CLANG_WARN_ENUM_CONVERSION = YES;
				CLANG_WARN_INFINITE_RECURSION = YES;
				CLANG_WARN_INT_CONVERSION = YES;
				CLANG_WARN_NON_LITERAL_NULL_CONVERSION = YES;
				CLANG_WARN_OBJC_IMPLICIT_RETAIN_SELF = YES;
				CLANG_WARN_OBJC_LITERAL_CONVERSION = YES;
				CLANG_WARN_OBJC_ROOT_CLASS = YES_ERROR;
				CLANG_WARN_RANGE_LOOP_ANALYSIS = YES;
				CLANG_WARN_STRICT_PROTOTYPES = YES;
				CLANG_WARN_SUSPICIOUS_MOVE = YES;
				CLANG_WARN_UNGUARDED_AVAILABILITY = YES_AGGRESSIVE;
				CLANG_WARN_UNREACHABLE_CODE = YES;
				CLANG_WARN__DUPLICATE_METHOD_MATCH = YES;
				COPY_PHASE_STRIP = NO;
				DEBUG_INFORMATION_FORMAT = dwarf;
				ENABLE_STRICT_OBJC_MSGSEND = YES;
				ENABLE_TESTABILITY = YES;
				GCC_C_LANGUAGE_STANDARD = gnu11;
				GCC_DYNAMIC_NO_PIC = NO;
				GCC_NO_COMMON_BLOCKS = YES;
				GCC_OPTIMIZATION_LEVEL = 0;
				GCC_PREPROCESSOR_DEFINITIONS = (
					"DEBUG=1",
					"$(inherited)",
				);
				GCC_WARN_64_TO_32_BIT_CONVERSION = YES;
				GCC_WARN_ABOUT_RETURN_TYPE = YES_ERROR;
				GCC_WARN_UNDECLARED_SELECTOR = YES;
				GCC_WARN_UNINITIALIZED_AUTOS = YES_AGGRESSIVE;
				GCC_WARN_UNUSED_FUNCTION = YES;
				GCC_WARN_UNUSED_VARIABLE = YES;
				IPHONEOS_DEPLOYMENT_TARGET = 12.1;
				MTL_ENABLE_DEBUG_INFO = INCLUDE_SOURCE;
				MTL_FAST_MATH = YES;
				ONLY_ACTIVE_ARCH = YES;
				SDKROOT = iphoneos;
				SWIFT_ACTIVE_COMPILATION_CONDITIONS = DEBUG;
				SWIFT_OPTIMIZATION_LEVEL = "-Onone";
			};
			name = Debug;
		};
		1782EFF0235CBF8F0082F9CD /* Release */ = {
			isa = XCBuildConfiguration;
			buildSettings = {
				ALWAYS_SEARCH_USER_PATHS = NO;
				CLANG_ANALYZER_NONNULL = YES;
				CLANG_ANALYZER_NUMBER_OBJECT_CONVERSION = YES_AGGRESSIVE;
				CLANG_CXX_LANGUAGE_STANDARD = "gnu++14";
				CLANG_CXX_LIBRARY = "libc++";
				CLANG_ENABLE_MODULES = YES;
				CLANG_ENABLE_OBJC_ARC = YES;
				CLANG_ENABLE_OBJC_WEAK = YES;
				CLANG_WARN_BLOCK_CAPTURE_AUTORELEASING = YES;
				CLANG_WARN_BOOL_CONVERSION = YES;
				CLANG_WARN_COMMA = YES;
				CLANG_WARN_CONSTANT_CONVERSION = YES;
				CLANG_WARN_DEPRECATED_OBJC_IMPLEMENTATIONS = YES;
				CLANG_WARN_DIRECT_OBJC_ISA_USAGE = YES_ERROR;
				CLANG_WARN_DOCUMENTATION_COMMENTS = YES;
				CLANG_WARN_EMPTY_BODY = YES;
				CLANG_WARN_ENUM_CONVERSION = YES;
				CLANG_WARN_INFINITE_RECURSION = YES;
				CLANG_WARN_INT_CONVERSION = YES;
				CLANG_WARN_NON_LITERAL_NULL_CONVERSION = YES;
				CLANG_WARN_OBJC_IMPLICIT_RETAIN_SELF = YES;
				CLANG_WARN_OBJC_LITERAL_CONVERSION = YES;
				CLANG_WARN_OBJC_ROOT_CLASS = YES_ERROR;
				CLANG_WARN_RANGE_LOOP_ANALYSIS = YES;
				CLANG_WARN_STRICT_PROTOTYPES = YES;
				CLANG_WARN_SUSPICIOUS_MOVE = YES;
				CLANG_WARN_UNGUARDED_AVAILABILITY = YES_AGGRESSIVE;
				CLANG_WARN_UNREACHABLE_CODE = YES;
				CLANG_WARN__DUPLICATE_METHOD_MATCH = YES;
				COPY_PHASE_STRIP = NO;
				DEBUG_INFORMATION_FORMAT = "dwarf-with-dsym";
				ENABLE_NS_ASSERTIONS = NO;
				ENABLE_STRICT_OBJC_MSGSEND = YES;
				GCC_C_LANGUAGE_STANDARD = gnu11;
				GCC_NO_COMMON_BLOCKS = YES;
				GCC_WARN_64_TO_32_BIT_CONVERSION = YES;
				GCC_WARN_ABOUT_RETURN_TYPE = YES_ERROR;
				GCC_WARN_UNDECLARED_SELECTOR = YES;
				GCC_WARN_UNINITIALIZED_AUTOS = YES_AGGRESSIVE;
				GCC_WARN_UNUSED_FUNCTION = YES;
				GCC_WARN_UNUSED_VARIABLE = YES;
				IPHONEOS_DEPLOYMENT_TARGET = 12.1;
				MTL_ENABLE_DEBUG_INFO = NO;
				MTL_FAST_MATH = YES;
				SDKROOT = iphoneos;
				SWIFT_COMPILATION_MODE = wholemodule;
				SWIFT_OPTIMIZATION_LEVEL = "-O";
				VALIDATE_PRODUCT = YES;
			};
			name = Release;
		};
		1782EFF2235CBF8F0082F9CD /* Debug */ = {
			isa = XCBuildConfiguration;
			baseConfigurationReference = 6930C09787686C98BABADA50 /* Pods-VPNClient.debug.xcconfig */;
			buildSettings = {
				ALWAYS_EMBED_SWIFT_STANDARD_LIBRARIES = YES;
				ASSETCATALOG_COMPILER_APPICON_NAME = AppIcon;
				CODE_SIGN_ENTITLEMENTS = VPNClient/VPNClient.entitlements;
				CODE_SIGN_STYLE = Automatic;
				CURRENT_PROJECT_VERSION = 22;
				DEVELOPMENT_TEAM = 7LN5H63WGN;
				INFOPLIST_FILE = VPNClient/Info.plist;
				IPHONEOS_DEPLOYMENT_TARGET = 12.1;
				LD_RUNPATH_SEARCH_PATHS = (
					"$(inherited)",
					"@executable_path/Frameworks",
				);
				MARKETING_VERSION = 1.7;
				PRODUCT_BUNDLE_IDENTIFIER = info.vpnuk.VPN;
				PRODUCT_NAME = VPNUK;
				SWIFT_VERSION = 5.0;
				TARGETED_DEVICE_FAMILY = "1,2";
			};
			name = Debug;
		};
		1782EFF3235CBF8F0082F9CD /* Release */ = {
			isa = XCBuildConfiguration;
			baseConfigurationReference = 01793B1015A841CA6038392C /* Pods-VPNClient.release.xcconfig */;
			buildSettings = {
				ALWAYS_EMBED_SWIFT_STANDARD_LIBRARIES = YES;
				ASSETCATALOG_COMPILER_APPICON_NAME = AppIcon;
				CODE_SIGN_ENTITLEMENTS = VPNClient/VPNClient.entitlements;
				CODE_SIGN_STYLE = Automatic;
				CURRENT_PROJECT_VERSION = 22;
				DEVELOPMENT_TEAM = 7LN5H63WGN;
				INFOPLIST_FILE = VPNClient/Info.plist;
				IPHONEOS_DEPLOYMENT_TARGET = 12.1;
				LD_RUNPATH_SEARCH_PATHS = (
					"$(inherited)",
					"@executable_path/Frameworks",
				);
				MARKETING_VERSION = 1.7;
				PRODUCT_BUNDLE_IDENTIFIER = info.vpnuk.VPN;
				PRODUCT_NAME = VPNUK;
				SWIFT_VERSION = 5.0;
				TARGETED_DEVICE_FAMILY = "1,2";
			};
			name = Release;
		};
		1782F03C235D2BB70082F9CD /* Debug */ = {
			isa = XCBuildConfiguration;
			baseConfigurationReference = D9D650901D3CDC7F32EC06FA /* Pods-VPNClientNetworkExtension.debug.xcconfig */;
			buildSettings = {
				CODE_SIGN_ENTITLEMENTS = VPNClientNetworkExtension/VPNClientNetworkExtension.entitlements;
				CODE_SIGN_STYLE = Automatic;
				CURRENT_PROJECT_VERSION = 22;
				DEVELOPMENT_TEAM = 7LN5H63WGN;
				INFOPLIST_FILE = VPNClientNetworkExtension/Info.plist;
				LD_RUNPATH_SEARCH_PATHS = (
					"$(inherited)",
					"@executable_path/Frameworks",
					"@executable_path/../../Frameworks",
				);
				MARKETING_VERSION = 1.7;
				PRODUCT_BUNDLE_IDENTIFIER = info.vpnuk.VPN.VPNClientNetworkExtension;
				PRODUCT_NAME = "$(TARGET_NAME)";
				SKIP_INSTALL = YES;
				SWIFT_VERSION = 5.0;
				TARGETED_DEVICE_FAMILY = "1,2";
			};
			name = Debug;
		};
		1782F03D235D2BB70082F9CD /* Release */ = {
			isa = XCBuildConfiguration;
			baseConfigurationReference = 87E5941B03938A911B623791 /* Pods-VPNClientNetworkExtension.release.xcconfig */;
			buildSettings = {
				CODE_SIGN_ENTITLEMENTS = VPNClientNetworkExtension/VPNClientNetworkExtension.entitlements;
				CODE_SIGN_STYLE = Automatic;
				CURRENT_PROJECT_VERSION = 22;
				DEVELOPMENT_TEAM = 7LN5H63WGN;
				GCC_OPTIMIZATION_LEVEL = 0;
				INFOPLIST_FILE = VPNClientNetworkExtension/Info.plist;
				LD_RUNPATH_SEARCH_PATHS = (
					"$(inherited)",
					"@executable_path/Frameworks",
					"@executable_path/../../Frameworks",
				);
				MARKETING_VERSION = 1.7;
				PRODUCT_BUNDLE_IDENTIFIER = info.vpnuk.VPN.VPNClientNetworkExtension;
				PRODUCT_NAME = "$(TARGET_NAME)";
				SKIP_INSTALL = YES;
				SWIFT_OPTIMIZATION_LEVEL = "-Onone";
				SWIFT_VERSION = 5.0;
				TARGETED_DEVICE_FAMILY = "1,2";
			};
			name = Release;
		};
/* End XCBuildConfiguration section */

/* Begin XCConfigurationList section */
		1782EFD5235CBF8D0082F9CD /* Build configuration list for PBXProject "VPNClient" */ = {
			isa = XCConfigurationList;
			buildConfigurations = (
				1782EFEF235CBF8F0082F9CD /* Debug */,
				1782EFF0235CBF8F0082F9CD /* Release */,
			);
			defaultConfigurationIsVisible = 0;
			defaultConfigurationName = Release;
		};
		1782EFF1235CBF8F0082F9CD /* Build configuration list for PBXNativeTarget "VPNClient" */ = {
			isa = XCConfigurationList;
			buildConfigurations = (
				1782EFF2235CBF8F0082F9CD /* Debug */,
				1782EFF3235CBF8F0082F9CD /* Release */,
			);
			defaultConfigurationIsVisible = 0;
			defaultConfigurationName = Release;
		};
		1782F03B235D2BB70082F9CD /* Build configuration list for PBXNativeTarget "VPNClientNetworkExtension" */ = {
			isa = XCConfigurationList;
			buildConfigurations = (
				1782F03C235D2BB70082F9CD /* Debug */,
				1782F03D235D2BB70082F9CD /* Release */,
			);
			defaultConfigurationIsVisible = 0;
			defaultConfigurationName = Release;
		};
/* End XCConfigurationList section */

/* Begin XCVersionGroup section */
		1782EFE6235CBF8D0082F9CD /* VPNClient.xcdatamodeld */ = {
			isa = XCVersionGroup;
			children = (
				175105A8236A126D0097D78C /* VPNClient 2.xcdatamodel */,
				1782EFE7235CBF8D0082F9CD /* VPNClient.xcdatamodel */,
			);
			currentVersion = 175105A8236A126D0097D78C /* VPNClient 2.xcdatamodel */;
			path = VPNClient.xcdatamodeld;
			sourceTree = "<group>";
			versionGroupType = wrapper.xcdatamodel;
		};
/* End XCVersionGroup section */
	};
	rootObject = 1782EFD2235CBF8D0082F9CD /* Project object */;
}
